// !$*UTF8*$!
{
	archiveVersion = 1;
	classes = {
	};
	objectVersion = 46;
	objects = {

/* Begin PBXBuildFile section */
		FD0097DF1CB8D781000A85DE /* Avent.obj in Resources */ = {isa = PBXBuildFile; fileRef = FD0097DE1CB8D781000A85DE /* Avent.obj */; };
		FD00C4C01CD10BAE00DCA45F /* AppDelegate.m in Sources */ = {isa = PBXBuildFile; fileRef = FD00C4A91CD10BAE00DCA45F /* AppDelegate.m */; };
		FD00C4C11CD10BAE00DCA45F /* LaunchScreen.xib in Resources */ = {isa = PBXBuildFile; fileRef = FD00C4AA1CD10BAE00DCA45F /* LaunchScreen.xib */; };
		FD00C4C21CD10BAE00DCA45F /* Main.storyboard in Resources */ = {isa = PBXBuildFile; fileRef = FD00C4AC1CD10BAE00DCA45F /* Main.storyboard */; };
		FD00C4C31CD10BAE00DCA45F /* DetailNavController.m in Sources */ = {isa = PBXBuildFile; fileRef = FD00C4AF1CD10BAE00DCA45F /* DetailNavController.m */; };
		FD00C4C41CD10BAE00DCA45F /* GameViewController.m in Sources */ = {isa = PBXBuildFile; fileRef = FD00C4B11CD10BAE00DCA45F /* GameViewController.m */; };
		FD00C4C51CD10BAE00DCA45F /* Images.xcassets in Resources */ = {isa = PBXBuildFile; fileRef = FD00C4B21CD10BAE00DCA45F /* Images.xcassets */; };
		FD00C4C71CD10BAE00DCA45F /* ListViewController.m in Sources */ = {isa = PBXBuildFile; fileRef = FD00C4B51CD10BAE00DCA45F /* ListViewController.m */; };
		FD00C4C81CD10BAE00DCA45F /* main.m in Sources */ = {isa = PBXBuildFile; fileRef = FD00C4B61CD10BAE00DCA45F /* main.m */; };
		FD00C4C91CD10BAE00DCA45F /* MasterNavController.m in Sources */ = {isa = PBXBuildFile; fileRef = FD00C4B81CD10BAE00DCA45F /* MasterNavController.m */; };
		FD00C4CA1CD10BAE00DCA45F /* SettingsListController.m in Sources */ = {isa = PBXBuildFile; fileRef = FD00C4BA1CD10BAE00DCA45F /* SettingsListController.m */; };
		FD00C4CB1CD10BAE00DCA45F /* SplitViewController.m in Sources */ = {isa = PBXBuildFile; fileRef = FD00C4BC1CD10BAE00DCA45F /* SplitViewController.m */; };
		FD00C4CC1CD10BAE00DCA45F /* Info.plist in Resources */ = {isa = PBXBuildFile; fileRef = FD00C4BE1CD10BAE00DCA45F /* Info.plist */; };
		FD00C4CF1CD10D5E00DCA45F /* SapindusTests.m in Sources */ = {isa = PBXBuildFile; fileRef = FD00C4CE1CD10D5E00DCA45F /* SapindusTests.m */; };
		FD1E49AF1C760BED00ADCBD2 /* MCGLRenderer.fsh in Resources */ = {isa = PBXBuildFile; fileRef = FD1E49AD1C760BED00ADCBD2 /* MCGLRenderer.fsh */; };
		FD1E49B01C760BED00ADCBD2 /* MCGLRenderer.vsh in Resources */ = {isa = PBXBuildFile; fileRef = FD1E49AE1C760BED00ADCBD2 /* MCGLRenderer.vsh */; };
		FD43FEA41C394A220043E019 /* MCLightShader.fsh in Resources */ = {isa = PBXBuildFile; fileRef = FD43FEA31C394A220043E019 /* MCLightShader.fsh */; };
		FD43FEA61C394A390043E019 /* MCLightShader.vsh in Resources */ = {isa = PBXBuildFile; fileRef = FD43FEA51C394A390043E019 /* MCLightShader.vsh */; };
		FD4CC1ED1C917F2D00051C15 /* tex2.bmp in Resources */ = {isa = PBXBuildFile; fileRef = FD4CC1EC1C917F2D00051C15 /* tex2.bmp */; };
		FD4CC1EF1C91B40800051C15 /* tex4.bmp in Resources */ = {isa = PBXBuildFile; fileRef = FD4CC1EE1C91B40800051C15 /* tex4.bmp */; };
		FD4CC1F11C91B40F00051C15 /* tex3.png in Resources */ = {isa = PBXBuildFile; fileRef = FD4CC1F01C91B40F00051C15 /* tex3.png */; };
		FD4CC1F31C91BD8300051C15 /* jongkhurun.png in Resources */ = {isa = PBXBuildFile; fileRef = FD4CC1F21C91BD8300051C15 /* jongkhurun.png */; };
		FD4CC1F51C91C8C200051C15 /* tex5.png in Resources */ = {isa = PBXBuildFile; fileRef = FD4CC1F41C91C8C200051C15 /* tex5.png */; };
		FD4CC1F71C91C9D600051C15 /* tex5.bmp in Resources */ = {isa = PBXBuildFile; fileRef = FD4CC1F61C91C9D600051C15 /* tex5.bmp */; };
		FD4CC1F91C93B43D00051C15 /* tex7.bmp in Resources */ = {isa = PBXBuildFile; fileRef = FD4CC1F81C93B43D00051C15 /* tex7.bmp */; };
		FD4CC2031C99AC0F00051C15 /* monkey2.obj in Resources */ = {isa = PBXBuildFile; fileRef = FD4CC2021C99AC0F00051C15 /* monkey2.obj */; };
		FD50E2241C15DE00001CC314 /* MCTextureShader.fsh in Resources */ = {isa = PBXBuildFile; fileRef = FD50E2221C15DE00001CC314 /* MCTextureShader.fsh */; };
		FD50E2251C15DE00001CC314 /* MCTextureShader.vsh in Resources */ = {isa = PBXBuildFile; fileRef = FD50E2231C15DE00001CC314 /* MCTextureShader.vsh */; };
		FD5EFD581B0E3D9D00D2492A /* Contents.json in Resources */ = {isa = PBXBuildFile; fileRef = FD5EFD411B0E3D9D00D2492A /* Contents.json */; };
		FD5EFD591B0E3D9D00D2492A /* Icon-40.png in Resources */ = {isa = PBXBuildFile; fileRef = FD5EFD421B0E3D9D00D2492A /* Icon-40.png */; };
		FD5EFD5A1B0E3D9D00D2492A /* Icon-40@2x.png in Resources */ = {isa = PBXBuildFile; fileRef = FD5EFD431B0E3D9D00D2492A /* Icon-40@2x.png */; };
		FD5EFD5B1B0E3D9D00D2492A /* Icon-40@3x.png in Resources */ = {isa = PBXBuildFile; fileRef = FD5EFD441B0E3D9D00D2492A /* Icon-40@3x.png */; };
		FD5EFD5C1B0E3D9D00D2492A /* Icon-60@2x.png in Resources */ = {isa = PBXBuildFile; fileRef = FD5EFD451B0E3D9D00D2492A /* Icon-60@2x.png */; };
		FD5EFD5D1B0E3D9D00D2492A /* Icon-60@3x.png in Resources */ = {isa = PBXBuildFile; fileRef = FD5EFD461B0E3D9D00D2492A /* Icon-60@3x.png */; };
		FD5EFD5E1B0E3D9D00D2492A /* Icon-76.png in Resources */ = {isa = PBXBuildFile; fileRef = FD5EFD471B0E3D9D00D2492A /* Icon-76.png */; };
		FD5EFD5F1B0E3D9D00D2492A /* Icon-76@2x.png in Resources */ = {isa = PBXBuildFile; fileRef = FD5EFD481B0E3D9D00D2492A /* Icon-76@2x.png */; };
		FD5EFD601B0E3D9D00D2492A /* Icon-Small.png in Resources */ = {isa = PBXBuildFile; fileRef = FD5EFD491B0E3D9D00D2492A /* Icon-Small.png */; };
		FD5EFD611B0E3D9D00D2492A /* Icon-Small@2x.png in Resources */ = {isa = PBXBuildFile; fileRef = FD5EFD4A1B0E3D9D00D2492A /* Icon-Small@2x.png */; };
		FD5EFD621B0E3D9D00D2492A /* Icon-Small@3x.png in Resources */ = {isa = PBXBuildFile; fileRef = FD5EFD4B1B0E3D9D00D2492A /* Icon-Small@3x.png */; };
		FD5EFD631B0E3D9D00D2492A /* Icon-60.png in Resources */ = {isa = PBXBuildFile; fileRef = FD5EFD4C1B0E3D9D00D2492A /* Icon-60.png */; };
		FD5EFD641B0E3D9D00D2492A /* Icon-72.png in Resources */ = {isa = PBXBuildFile; fileRef = FD5EFD4D1B0E3D9D00D2492A /* Icon-72.png */; };
		FD5EFD651B0E3D9D00D2492A /* Icon-72@2x.png in Resources */ = {isa = PBXBuildFile; fileRef = FD5EFD4E1B0E3D9D00D2492A /* Icon-72@2x.png */; };
		FD5EFD661B0E3D9D00D2492A /* Icon-Small-50.png in Resources */ = {isa = PBXBuildFile; fileRef = FD5EFD4F1B0E3D9D00D2492A /* Icon-Small-50.png */; };
		FD5EFD671B0E3D9D00D2492A /* Icon-Small-50@2x.png in Resources */ = {isa = PBXBuildFile; fileRef = FD5EFD501B0E3D9D00D2492A /* Icon-Small-50@2x.png */; };
		FD5EFD681B0E3D9D00D2492A /* Icon.png in Resources */ = {isa = PBXBuildFile; fileRef = FD5EFD511B0E3D9D00D2492A /* Icon.png */; };
		FD5EFD691B0E3D9D00D2492A /* Icon@2x.png in Resources */ = {isa = PBXBuildFile; fileRef = FD5EFD521B0E3D9D00D2492A /* Icon@2x.png */; };
		FD5EFD6A1B0E3D9D00D2492A /* iTunesArtwork.png in Resources */ = {isa = PBXBuildFile; fileRef = FD5EFD531B0E3D9D00D2492A /* iTunesArtwork.png */; };
		FD5EFD6B1B0E3D9D00D2492A /* iTunesArtwork@2x.png in Resources */ = {isa = PBXBuildFile; fileRef = FD5EFD541B0E3D9D00D2492A /* iTunesArtwork@2x.png */; };
		FD5EFD6D1B0E3D9D00D2492A /* mcicon.png in Resources */ = {isa = PBXBuildFile; fileRef = FD5EFD571B0E3D9D00D2492A /* mcicon.png */; };
		FD7FF8EC1CCB5FC5008106E5 /* sph.obj in Resources */ = {isa = PBXBuildFile; fileRef = FD7FF8EB1CCB5FC5008106E5 /* sph.obj */; };
		FD7FF8F01CCB6043008106E5 /* bottle_cap2.obj in Resources */ = {isa = PBXBuildFile; fileRef = FD7FF8EF1CCB6043008106E5 /* bottle_cap2.obj */; };
		FD8784831CCE5F8C0071DAB4 /* back.jpg in Resources */ = {isa = PBXBuildFile; fileRef = FD87847D1CCE5F8C0071DAB4 /* back.jpg */; };
		FD8784841CCE5F8C0071DAB4 /* bottom.jpg in Resources */ = {isa = PBXBuildFile; fileRef = FD87847E1CCE5F8C0071DAB4 /* bottom.jpg */; };
		FD8784851CCE5F8C0071DAB4 /* front.jpg in Resources */ = {isa = PBXBuildFile; fileRef = FD87847F1CCE5F8C0071DAB4 /* front.jpg */; };
		FD8784861CCE5F8C0071DAB4 /* left.jpg in Resources */ = {isa = PBXBuildFile; fileRef = FD8784801CCE5F8C0071DAB4 /* left.jpg */; };
		FD8784871CCE5F8C0071DAB4 /* right.jpg in Resources */ = {isa = PBXBuildFile; fileRef = FD8784811CCE5F8C0071DAB4 /* right.jpg */; };
		FD8784881CCE5F8C0071DAB4 /* top.jpg in Resources */ = {isa = PBXBuildFile; fileRef = FD8784821CCE5F8C0071DAB4 /* top.jpg */; };
		FD8784891CCE624B0071DAB4 /* MCSkyboxShader.vsh in Resources */ = {isa = PBXBuildFile; fileRef = FD87847B1CCE41DC0071DAB4 /* MCSkyboxShader.vsh */; };
		FD87848A1CCE624B0071DAB4 /* MCSkyboxShader.fsh in Resources */ = {isa = PBXBuildFile; fileRef = FD87847C1CCE41EA0071DAB4 /* MCSkyboxShader.fsh */; };
		FDA3DCDE1C9056BC0044965D /* tex1.jpg in Resources */ = {isa = PBXBuildFile; fileRef = FDA3DCDD1C9056BC0044965D /* tex1.jpg */; };
		FDB9B5951D30F633005215B0 /* BEAssetsManager.c in Sources */ = {isa = PBXBuildFile; fileRef = FDB9B51E1D30F633005215B0 /* BEAssetsManager.c */; };
		FDB9B5961D30F633005215B0 /* image_DXT.c in Sources */ = {isa = PBXBuildFile; fileRef = FDB9B5221D30F633005215B0 /* image_DXT.c */; };
		FDB9B5971D30F633005215B0 /* image_helper.c in Sources */ = {isa = PBXBuildFile; fileRef = FDB9B5241D30F633005215B0 /* image_helper.c */; };
		FDB9B5981D30F633005215B0 /* SOIL.c in Sources */ = {isa = PBXBuildFile; fileRef = FDB9B5261D30F633005215B0 /* SOIL.c */; };
		FDB9B5991D30F633005215B0 /* stb_image_aug.c in Sources */ = {isa = PBXBuildFile; fileRef = FDB9B5281D30F633005215B0 /* stb_image_aug.c */; };
		FDB9B59A1D30F633005215B0 /* MC2DTex.c in Sources */ = {isa = PBXBuildFile; fileRef = FDB9B52F1D30F633005215B0 /* MC2DTex.c */; };
		FDB9B59B1D30F633005215B0 /* MC3DMainLoop.c in Sources */ = {isa = PBXBuildFile; fileRef = FDB9B5321D30F633005215B0 /* MC3DMainLoop.c */; };
		FDB9B59C1D30F633005215B0 /* MC3DModel.c in Sources */ = {isa = PBXBuildFile; fileRef = FDB9B5331D30F633005215B0 /* MC3DModel.c */; };
		FDB9B59D1D30F633005215B0 /* MC3DNode.c in Sources */ = {isa = PBXBuildFile; fileRef = FDB9B5361D30F633005215B0 /* MC3DNode.c */; };
		FDB9B59E1D30F633005215B0 /* MC3DScene.c in Sources */ = {isa = PBXBuildFile; fileRef = FDB9B5391D30F633005215B0 /* MC3DScene.c */; };
		FDB9B59F1D30F633005215B0 /* MCCamera.c in Sources */ = {isa = PBXBuildFile; fileRef = FDB9B53C1D30F633005215B0 /* MCCamera.c */; };
		FDB9B5A01D30F633005215B0 /* MCCube.c in Sources */ = {isa = PBXBuildFile; fileRef = FDB9B53E1D30F633005215B0 /* MCCube.c */; };
		FDB9B5A11D30F633005215B0 /* MCDirector.c in Sources */ = {isa = PBXBuildFile; fileRef = FDB9B5401D30F633005215B0 /* MCDirector.c */; };
		FDB9B5A21D30F633005215B0 /* MCGLContext.c in Sources */ = {isa = PBXBuildFile; fileRef = FDB9B5421D30F633005215B0 /* MCGLContext.c */; };
		FDB9B5A31D30F633005215B0 /* MCGLEngine.c in Sources */ = {isa = PBXBuildFile; fileRef = FDB9B5441D30F633005215B0 /* MCGLEngine.c */; };
		FDB9B5A41D30F633005215B0 /* MCGLRenderer.c in Sources */ = {isa = PBXBuildFile; fileRef = FDB9B5461D30F633005215B0 /* MCGLRenderer.c */; };
		FDB9B5A51D30F633005215B0 /* MCLight.c in Sources */ = {isa = PBXBuildFile; fileRef = FDB9B5481D30F633005215B0 /* MCLight.c */; };
		FDB9B5A61D30F633005215B0 /* MCMatrial.c in Sources */ = {isa = PBXBuildFile; fileRef = FDB9B54A1D30F633005215B0 /* MCMatrial.c */; };
		FDB9B5A71D30F633005215B0 /* MCMesh.c in Sources */ = {isa = PBXBuildFile; fileRef = FDB9B54C1D30F633005215B0 /* MCMesh.c */; };
		FDB9B5A81D30F633005215B0 /* MCOrbit.c in Sources */ = {isa = PBXBuildFile; fileRef = FDB9B54E1D30F633005215B0 /* MCOrbit.c */; };
		FDB9B5A91D30F633005215B0 /* MCPanel.c in Sources */ = {isa = PBXBuildFile; fileRef = FDB9B5501D30F633005215B0 /* MCPanel.c */; };
		FDB9B5AA1D30F633005215B0 /* MCSkybox.c in Sources */ = {isa = PBXBuildFile; fileRef = FDB9B5521D30F633005215B0 /* MCSkybox.c */; };
		FDB9B5AB1D30F633005215B0 /* MCSkyboxCamera.c in Sources */ = {isa = PBXBuildFile; fileRef = FDB9B5541D30F633005215B0 /* MCSkyboxCamera.c */; };
		FDB9B5AC1D30F633005215B0 /* MCTexture.c in Sources */ = {isa = PBXBuildFile; fileRef = FDB9B5561D30F633005215B0 /* MCTexture.c */; };
		FDB9B5AD1D30F633005215B0 /* MCWorld.c in Sources */ = {isa = PBXBuildFile; fileRef = FDB9B5581D30F633005215B0 /* MCWorld.c */; };
		FDB9B5AE1D30F633005215B0 /* MCArray.c in Sources */ = {isa = PBXBuildFile; fileRef = FDB9B55B1D30F633005215B0 /* MCArray.c */; };
		FDB9B5AF1D30F633005215B0 /* MCBuffer.c in Sources */ = {isa = PBXBuildFile; fileRef = FDB9B55D1D30F633005215B0 /* MCBuffer.c */; };
		FDB9B5B01D30F633005215B0 /* MCClock.c in Sources */ = {isa = PBXBuildFile; fileRef = FDB9B55F1D30F633005215B0 /* MCClock.c */; };
		FDB9B5B11D30F633005215B0 /* MCContext.c in Sources */ = {isa = PBXBuildFile; fileRef = FDB9B5611D30F633005215B0 /* MCContext.c */; };
		FDB9B5B21D30F633005215B0 /* MCException.c in Sources */ = {isa = PBXBuildFile; fileRef = FDB9B5631D30F633005215B0 /* MCException.c */; };
		FDB9B5B31D30F633005215B0 /* MCIO.c in Sources */ = {isa = PBXBuildFile; fileRef = FDB9B5651D30F633005215B0 /* MCIO.c */; };
		FDB9B5B41D30F633005215B0 /* MCLinkedList.c in Sources */ = {isa = PBXBuildFile; fileRef = FDB9B5681D30F633005215B0 /* MCLinkedList.c */; };
		FDB9B5B51D30F633005215B0 /* MCMath.c in Sources */ = {isa = PBXBuildFile; fileRef = FDB9B56A1D30F633005215B0 /* MCMath.c */; };
		FDB9B5B61D30F633005215B0 /* MCProcess.c in Sources */ = {isa = PBXBuildFile; fileRef = FDB9B56C1D30F633005215B0 /* MCProcess.c */; };
		FDB9B5B71D30F633005215B0 /* MCSocket.c in Sources */ = {isa = PBXBuildFile; fileRef = FDB9B56E1D30F633005215B0 /* MCSocket.c */; };
		FDB9B5B81D30F633005215B0 /* MCString.c in Sources */ = {isa = PBXBuildFile; fileRef = FDB9B5701D30F633005215B0 /* MCString.c */; };
		FDB9B5B91D30F633005215B0 /* MCThread.c in Sources */ = {isa = PBXBuildFile; fileRef = FDB9B5721D30F633005215B0 /* MCThread.c */; };
		FDB9B5BA1D30F633005215B0 /* MCUnitTest.c in Sources */ = {isa = PBXBuildFile; fileRef = FDB9B5741D30F633005215B0 /* MCUnitTest.c */; };
		FDB9B5BB1D30F633005215B0 /* MC3DiOSDriver.m in Sources */ = {isa = PBXBuildFile; fileRef = FDB9B5791D30F633005215B0 /* MC3DiOSDriver.m */; };
		FDB9B5BC1D30F633005215B0 /* HashTable.c in Sources */ = {isa = PBXBuildFile; fileRef = FDB9B57B1D30F633005215B0 /* HashTable.c */; };
		FDB9B5BD1D30F633005215B0 /* Lock.c in Sources */ = {isa = PBXBuildFile; fileRef = FDB9B57C1D30F633005215B0 /* Lock.c */; };
		FDB9B5BE1D30F633005215B0 /* Log.c in Sources */ = {isa = PBXBuildFile; fileRef = FDB9B57D1D30F633005215B0 /* Log.c */; };
		FDB9B5C61D30F633005215B0 /* MCRuntimeAsmIOS.S in Sources */ = {isa = PBXBuildFile; fileRef = FDB9B5861D30F633005215B0 /* MCRuntimeAsmIOS.S */; };
		FDB9B5C71D30F633005215B0 /* Messaging.c in Sources */ = {isa = PBXBuildFile; fileRef = FDB9B5871D30F633005215B0 /* Messaging.c */; };
		FDB9B5C81D30F633005215B0 /* monkc.c in Sources */ = {isa = PBXBuildFile; fileRef = FDB9B5881D30F633005215B0 /* monkc.c */; };
		FDB9B5C91D30F633005215B0 /* ObjectManage.c in Sources */ = {isa = PBXBuildFile; fileRef = FDB9B58A1D30F633005215B0 /* ObjectManage.c */; };
		FDB9B5CA1D30F633005215B0 /* MainLoop.c in Sources */ = {isa = PBXBuildFile; fileRef = FDB9B58C1D30F633005215B0 /* MainLoop.c */; };
		FDB9B5CB1D30F633005215B0 /* Testbed.c in Sources */ = {isa = PBXBuildFile; fileRef = FDB9B58D1D30F633005215B0 /* Testbed.c */; };
		FDB9B5CC1D30F633005215B0 /* MCNode.c in Sources */ = {isa = PBXBuildFile; fileRef = FDB9B5911D30F633005215B0 /* MCNode.c */; };
		FDD87E061CCC979A00D292D3 /* 2.obj in Resources */ = {isa = PBXBuildFile; fileRef = FDD87E001CCC979A00D292D3 /* 2.obj */; };
/* End PBXBuildFile section */

/* Begin PBXContainerItemProxy section */
		FDFF061E1B060BE1000064E3 /* PBXContainerItemProxy */ = {
			isa = PBXContainerItemProxy;
			containerPortal = FDFF05F81B060BE1000064E3 /* Project object */;
			proxyType = 1;
			remoteGlobalIDString = FDFF05FF1B060BE1000064E3;
			remoteInfo = monkcGame;
		};
/* End PBXContainerItemProxy section */

/* Begin PBXFileReference section */
		FD0097DE1CB8D781000A85DE /* Avent.obj */ = {isa = PBXFileReference; fileEncoding = 4; lastKnownFileType = text; path = Avent.obj; sourceTree = "<group>"; };
		FD00C4A81CD10BAE00DCA45F /* AppDelegate.h */ = {isa = PBXFileReference; fileEncoding = 4; lastKnownFileType = sourcecode.c.h; path = AppDelegate.h; sourceTree = "<group>"; };
		FD00C4A91CD10BAE00DCA45F /* AppDelegate.m */ = {isa = PBXFileReference; fileEncoding = 4; lastKnownFileType = sourcecode.c.objc; path = AppDelegate.m; sourceTree = "<group>"; };
		FD00C4AB1CD10BAE00DCA45F /* Base */ = {isa = PBXFileReference; lastKnownFileType = file.xib; name = Base; path = Base.lproj/LaunchScreen.xib; sourceTree = "<group>"; };
		FD00C4AD1CD10BAE00DCA45F /* Base */ = {isa = PBXFileReference; lastKnownFileType = file.storyboard; name = Base; path = Base.lproj/Main.storyboard; sourceTree = "<group>"; };
		FD00C4AE1CD10BAE00DCA45F /* DetailNavController.h */ = {isa = PBXFileReference; fileEncoding = 4; lastKnownFileType = sourcecode.c.h; path = DetailNavController.h; sourceTree = "<group>"; };
		FD00C4AF1CD10BAE00DCA45F /* DetailNavController.m */ = {isa = PBXFileReference; fileEncoding = 4; lastKnownFileType = sourcecode.c.objc; path = DetailNavController.m; sourceTree = "<group>"; };
		FD00C4B01CD10BAE00DCA45F /* GameViewController.h */ = {isa = PBXFileReference; fileEncoding = 4; lastKnownFileType = sourcecode.c.h; path = GameViewController.h; sourceTree = "<group>"; };
		FD00C4B11CD10BAE00DCA45F /* GameViewController.m */ = {isa = PBXFileReference; fileEncoding = 4; lastKnownFileType = sourcecode.c.objc; path = GameViewController.m; sourceTree = "<group>"; };
		FD00C4B21CD10BAE00DCA45F /* Images.xcassets */ = {isa = PBXFileReference; lastKnownFileType = folder.assetcatalog; path = Images.xcassets; sourceTree = "<group>"; };
		FD00C4B31CD10BAE00DCA45F /* Info.plist */ = {isa = PBXFileReference; fileEncoding = 4; lastKnownFileType = text.plist.xml; path = Info.plist; sourceTree = "<group>"; };
		FD00C4B41CD10BAE00DCA45F /* ListViewController.h */ = {isa = PBXFileReference; fileEncoding = 4; lastKnownFileType = sourcecode.c.h; path = ListViewController.h; sourceTree = "<group>"; };
		FD00C4B51CD10BAE00DCA45F /* ListViewController.m */ = {isa = PBXFileReference; fileEncoding = 4; lastKnownFileType = sourcecode.c.objc; path = ListViewController.m; sourceTree = "<group>"; };
		FD00C4B61CD10BAE00DCA45F /* main.m */ = {isa = PBXFileReference; fileEncoding = 4; lastKnownFileType = sourcecode.c.objc; path = main.m; sourceTree = "<group>"; };
		FD00C4B71CD10BAE00DCA45F /* MasterNavController.h */ = {isa = PBXFileReference; fileEncoding = 4; lastKnownFileType = sourcecode.c.h; path = MasterNavController.h; sourceTree = "<group>"; };
		FD00C4B81CD10BAE00DCA45F /* MasterNavController.m */ = {isa = PBXFileReference; fileEncoding = 4; lastKnownFileType = sourcecode.c.objc; path = MasterNavController.m; sourceTree = "<group>"; };
		FD00C4B91CD10BAE00DCA45F /* SettingsListController.h */ = {isa = PBXFileReference; fileEncoding = 4; lastKnownFileType = sourcecode.c.h; path = SettingsListController.h; sourceTree = "<group>"; };
		FD00C4BA1CD10BAE00DCA45F /* SettingsListController.m */ = {isa = PBXFileReference; fileEncoding = 4; lastKnownFileType = sourcecode.c.objc; path = SettingsListController.m; sourceTree = "<group>"; };
		FD00C4BB1CD10BAE00DCA45F /* SplitViewController.h */ = {isa = PBXFileReference; fileEncoding = 4; lastKnownFileType = sourcecode.c.h; path = SplitViewController.h; sourceTree = "<group>"; };
		FD00C4BC1CD10BAE00DCA45F /* SplitViewController.m */ = {isa = PBXFileReference; fileEncoding = 4; lastKnownFileType = sourcecode.c.objc; path = SplitViewController.m; sourceTree = "<group>"; };
		FD00C4BE1CD10BAE00DCA45F /* Info.plist */ = {isa = PBXFileReference; fileEncoding = 4; lastKnownFileType = text.plist.xml; path = Info.plist; sourceTree = "<group>"; };
		FD00C4CE1CD10D5E00DCA45F /* SapindusTests.m */ = {isa = PBXFileReference; fileEncoding = 4; lastKnownFileType = sourcecode.c.objc; path = SapindusTests.m; sourceTree = "<group>"; };
		FD1E49AD1C760BED00ADCBD2 /* MCGLRenderer.fsh */ = {isa = PBXFileReference; fileEncoding = 4; lastKnownFileType = sourcecode.glsl; path = MCGLRenderer.fsh; sourceTree = "<group>"; };
		FD1E49AE1C760BED00ADCBD2 /* MCGLRenderer.vsh */ = {isa = PBXFileReference; fileEncoding = 4; lastKnownFileType = sourcecode.glsl; path = MCGLRenderer.vsh; sourceTree = "<group>"; };
		FD43FEA31C394A220043E019 /* MCLightShader.fsh */ = {isa = PBXFileReference; fileEncoding = 4; lastKnownFileType = sourcecode.glsl; path = MCLightShader.fsh; sourceTree = "<group>"; };
		FD43FEA51C394A390043E019 /* MCLightShader.vsh */ = {isa = PBXFileReference; fileEncoding = 4; lastKnownFileType = sourcecode.glsl; path = MCLightShader.vsh; sourceTree = "<group>"; };
		FD4CC1EC1C917F2D00051C15 /* tex2.bmp */ = {isa = PBXFileReference; lastKnownFileType = image.bmp; path = tex2.bmp; sourceTree = "<group>"; };
		FD4CC1EE1C91B40800051C15 /* tex4.bmp */ = {isa = PBXFileReference; lastKnownFileType = image.bmp; path = tex4.bmp; sourceTree = "<group>"; };
		FD4CC1F01C91B40F00051C15 /* tex3.png */ = {isa = PBXFileReference; lastKnownFileType = image.png; path = tex3.png; sourceTree = "<group>"; };
		FD4CC1F21C91BD8300051C15 /* jongkhurun.png */ = {isa = PBXFileReference; lastKnownFileType = image.png; path = jongkhurun.png; sourceTree = "<group>"; };
		FD4CC1F41C91C8C200051C15 /* tex5.png */ = {isa = PBXFileReference; lastKnownFileType = image.png; path = tex5.png; sourceTree = "<group>"; };
		FD4CC1F61C91C9D600051C15 /* tex5.bmp */ = {isa = PBXFileReference; lastKnownFileType = image.bmp; path = tex5.bmp; sourceTree = "<group>"; };
		FD4CC1F81C93B43D00051C15 /* tex7.bmp */ = {isa = PBXFileReference; lastKnownFileType = image.bmp; path = tex7.bmp; sourceTree = "<group>"; };
		FD4CC1FA1C93B55100051C15 /* tex8.bmp */ = {isa = PBXFileReference; lastKnownFileType = image.bmp; path = tex8.bmp; sourceTree = "<group>"; };
		FD4CC2021C99AC0F00051C15 /* monkey2.obj */ = {isa = PBXFileReference; fileEncoding = 4; lastKnownFileType = text; path = monkey2.obj; sourceTree = "<group>"; };
		FD50E2221C15DE00001CC314 /* MCTextureShader.fsh */ = {isa = PBXFileReference; fileEncoding = 4; lastKnownFileType = sourcecode.glsl; path = MCTextureShader.fsh; sourceTree = "<group>"; };
		FD50E2231C15DE00001CC314 /* MCTextureShader.vsh */ = {isa = PBXFileReference; fileEncoding = 4; lastKnownFileType = sourcecode.glsl; path = MCTextureShader.vsh; sourceTree = "<group>"; };
		FD5EFD411B0E3D9D00D2492A /* Contents.json */ = {isa = PBXFileReference; fileEncoding = 4; lastKnownFileType = text.json; path = Contents.json; sourceTree = "<group>"; };
		FD5EFD421B0E3D9D00D2492A /* Icon-40.png */ = {isa = PBXFileReference; lastKnownFileType = image.png; path = "Icon-40.png"; sourceTree = "<group>"; };
		FD5EFD431B0E3D9D00D2492A /* Icon-40@2x.png */ = {isa = PBXFileReference; lastKnownFileType = image.png; path = "Icon-40@2x.png"; sourceTree = "<group>"; };
		FD5EFD441B0E3D9D00D2492A /* Icon-40@3x.png */ = {isa = PBXFileReference; lastKnownFileType = image.png; path = "Icon-40@3x.png"; sourceTree = "<group>"; };
		FD5EFD451B0E3D9D00D2492A /* Icon-60@2x.png */ = {isa = PBXFileReference; lastKnownFileType = image.png; path = "Icon-60@2x.png"; sourceTree = "<group>"; };
		FD5EFD461B0E3D9D00D2492A /* Icon-60@3x.png */ = {isa = PBXFileReference; lastKnownFileType = image.png; path = "Icon-60@3x.png"; sourceTree = "<group>"; };
		FD5EFD471B0E3D9D00D2492A /* Icon-76.png */ = {isa = PBXFileReference; lastKnownFileType = image.png; path = "Icon-76.png"; sourceTree = "<group>"; };
		FD5EFD481B0E3D9D00D2492A /* Icon-76@2x.png */ = {isa = PBXFileReference; lastKnownFileType = image.png; path = "Icon-76@2x.png"; sourceTree = "<group>"; };
		FD5EFD491B0E3D9D00D2492A /* Icon-Small.png */ = {isa = PBXFileReference; lastKnownFileType = image.png; path = "Icon-Small.png"; sourceTree = "<group>"; };
		FD5EFD4A1B0E3D9D00D2492A /* Icon-Small@2x.png */ = {isa = PBXFileReference; lastKnownFileType = image.png; path = "Icon-Small@2x.png"; sourceTree = "<group>"; };
		FD5EFD4B1B0E3D9D00D2492A /* Icon-Small@3x.png */ = {isa = PBXFileReference; lastKnownFileType = image.png; path = "Icon-Small@3x.png"; sourceTree = "<group>"; };
		FD5EFD4C1B0E3D9D00D2492A /* Icon-60.png */ = {isa = PBXFileReference; lastKnownFileType = image.png; path = "Icon-60.png"; sourceTree = "<group>"; };
		FD5EFD4D1B0E3D9D00D2492A /* Icon-72.png */ = {isa = PBXFileReference; lastKnownFileType = image.png; path = "Icon-72.png"; sourceTree = "<group>"; };
		FD5EFD4E1B0E3D9D00D2492A /* Icon-72@2x.png */ = {isa = PBXFileReference; lastKnownFileType = image.png; path = "Icon-72@2x.png"; sourceTree = "<group>"; };
		FD5EFD4F1B0E3D9D00D2492A /* Icon-Small-50.png */ = {isa = PBXFileReference; lastKnownFileType = image.png; path = "Icon-Small-50.png"; sourceTree = "<group>"; };
		FD5EFD501B0E3D9D00D2492A /* Icon-Small-50@2x.png */ = {isa = PBXFileReference; lastKnownFileType = image.png; path = "Icon-Small-50@2x.png"; sourceTree = "<group>"; };
		FD5EFD511B0E3D9D00D2492A /* Icon.png */ = {isa = PBXFileReference; lastKnownFileType = image.png; path = Icon.png; sourceTree = "<group>"; };
		FD5EFD521B0E3D9D00D2492A /* Icon@2x.png */ = {isa = PBXFileReference; lastKnownFileType = image.png; path = "Icon@2x.png"; sourceTree = "<group>"; };
		FD5EFD531B0E3D9D00D2492A /* iTunesArtwork.png */ = {isa = PBXFileReference; lastKnownFileType = image.png; path = iTunesArtwork.png; sourceTree = "<group>"; };
		FD5EFD541B0E3D9D00D2492A /* iTunesArtwork@2x.png */ = {isa = PBXFileReference; lastKnownFileType = image.png; path = "iTunesArtwork@2x.png"; sourceTree = "<group>"; };
		FD5EFD571B0E3D9D00D2492A /* mcicon.png */ = {isa = PBXFileReference; lastKnownFileType = image.png; path = mcicon.png; sourceTree = "<group>"; };
		FD7FF8EB1CCB5FC5008106E5 /* sph.obj */ = {isa = PBXFileReference; fileEncoding = 4; lastKnownFileType = text; path = sph.obj; sourceTree = "<group>"; };
		FD7FF8EF1CCB6043008106E5 /* bottle_cap2.obj */ = {isa = PBXFileReference; fileEncoding = 4; lastKnownFileType = text; path = bottle_cap2.obj; sourceTree = "<group>"; };
		FD87847B1CCE41DC0071DAB4 /* MCSkyboxShader.vsh */ = {isa = PBXFileReference; lastKnownFileType = sourcecode.glsl; path = MCSkyboxShader.vsh; sourceTree = "<group>"; };
		FD87847C1CCE41EA0071DAB4 /* MCSkyboxShader.fsh */ = {isa = PBXFileReference; lastKnownFileType = sourcecode.glsl; path = MCSkyboxShader.fsh; sourceTree = "<group>"; };
		FD87847D1CCE5F8C0071DAB4 /* back.jpg */ = {isa = PBXFileReference; lastKnownFileType = image.jpeg; name = back.jpg; path = skybox/back.jpg; sourceTree = "<group>"; };
		FD87847E1CCE5F8C0071DAB4 /* bottom.jpg */ = {isa = PBXFileReference; lastKnownFileType = image.jpeg; name = bottom.jpg; path = skybox/bottom.jpg; sourceTree = "<group>"; };
		FD87847F1CCE5F8C0071DAB4 /* front.jpg */ = {isa = PBXFileReference; lastKnownFileType = image.jpeg; name = front.jpg; path = skybox/front.jpg; sourceTree = "<group>"; };
		FD8784801CCE5F8C0071DAB4 /* left.jpg */ = {isa = PBXFileReference; lastKnownFileType = image.jpeg; name = left.jpg; path = skybox/left.jpg; sourceTree = "<group>"; };
		FD8784811CCE5F8C0071DAB4 /* right.jpg */ = {isa = PBXFileReference; lastKnownFileType = image.jpeg; name = right.jpg; path = skybox/right.jpg; sourceTree = "<group>"; };
		FD8784821CCE5F8C0071DAB4 /* top.jpg */ = {isa = PBXFileReference; lastKnownFileType = image.jpeg; name = top.jpg; path = skybox/top.jpg; sourceTree = "<group>"; };
		FDA3DCDD1C9056BC0044965D /* tex1.jpg */ = {isa = PBXFileReference; lastKnownFileType = image.jpeg; path = tex1.jpg; sourceTree = "<group>"; };
		FDAE48171C7E0943009DEE97 /* mcicon.jpg */ = {isa = PBXFileReference; lastKnownFileType = image.jpeg; path = mcicon.jpg; sourceTree = "<group>"; };
		FDB9B51E1D30F633005215B0 /* BEAssetsManager.c */ = {isa = PBXFileReference; fileEncoding = 4; lastKnownFileType = sourcecode.c.c; path = BEAssetsManager.c; sourceTree = "<group>"; };
		FDB9B51F1D30F633005215B0 /* BEAssetsManager.h */ = {isa = PBXFileReference; fileEncoding = 4; lastKnownFileType = sourcecode.c.h; path = BEAssetsManager.h; sourceTree = "<group>"; };
		FDB9B5221D30F633005215B0 /* image_DXT.c */ = {isa = PBXFileReference; fileEncoding = 4; lastKnownFileType = sourcecode.c.c; path = image_DXT.c; sourceTree = "<group>"; };
		FDB9B5231D30F633005215B0 /* image_DXT.h */ = {isa = PBXFileReference; fileEncoding = 4; lastKnownFileType = sourcecode.c.h; path = image_DXT.h; sourceTree = "<group>"; };
		FDB9B5241D30F633005215B0 /* image_helper.c */ = {isa = PBXFileReference; fileEncoding = 4; lastKnownFileType = sourcecode.c.c; path = image_helper.c; sourceTree = "<group>"; };
		FDB9B5251D30F633005215B0 /* image_helper.h */ = {isa = PBXFileReference; fileEncoding = 4; lastKnownFileType = sourcecode.c.h; path = image_helper.h; sourceTree = "<group>"; };
		FDB9B5261D30F633005215B0 /* SOIL.c */ = {isa = PBXFileReference; fileEncoding = 4; lastKnownFileType = sourcecode.c.c; path = SOIL.c; sourceTree = "<group>"; };
		FDB9B5271D30F633005215B0 /* SOIL.h */ = {isa = PBXFileReference; fileEncoding = 4; lastKnownFileType = sourcecode.c.h; path = SOIL.h; sourceTree = "<group>"; };
		FDB9B5281D30F633005215B0 /* stb_image_aug.c */ = {isa = PBXFileReference; fileEncoding = 4; lastKnownFileType = sourcecode.c.c; path = stb_image_aug.c; sourceTree = "<group>"; };
		FDB9B5291D30F633005215B0 /* stb_image_aug.h */ = {isa = PBXFileReference; fileEncoding = 4; lastKnownFileType = sourcecode.c.h; path = stb_image_aug.h; sourceTree = "<group>"; };
		FDB9B52A1D30F633005215B0 /* stbi_DDS_aug.h */ = {isa = PBXFileReference; fileEncoding = 4; lastKnownFileType = sourcecode.c.h; path = stbi_DDS_aug.h; sourceTree = "<group>"; };
		FDB9B52B1D30F633005215B0 /* stbi_DDS_aug_c.h */ = {isa = PBXFileReference; fileEncoding = 4; lastKnownFileType = sourcecode.c.h; path = stbi_DDS_aug_c.h; sourceTree = "<group>"; };
		FDB9B52C1D30F633005215B0 /* MC3DMtlParser.h */ = {isa = PBXFileReference; fileEncoding = 4; lastKnownFileType = sourcecode.c.h; path = MC3DMtlParser.h; sourceTree = "<group>"; };
		FDB9B52D1D30F633005215B0 /* MC3DObjParser.h */ = {isa = PBXFileReference; fileEncoding = 4; lastKnownFileType = sourcecode.c.h; path = MC3DObjParser.h; sourceTree = "<group>"; };
		FDB9B52F1D30F633005215B0 /* MC2DTex.c */ = {isa = PBXFileReference; fileEncoding = 4; lastKnownFileType = sourcecode.c.c; path = MC2DTex.c; sourceTree = "<group>"; };
		FDB9B5301D30F633005215B0 /* MC2DTex.h */ = {isa = PBXFileReference; fileEncoding = 4; lastKnownFileType = sourcecode.c.h; path = MC2DTex.h; sourceTree = "<group>"; };
		FDB9B5311D30F633005215B0 /* MC3DBase.h */ = {isa = PBXFileReference; fileEncoding = 4; lastKnownFileType = sourcecode.c.h; path = MC3DBase.h; sourceTree = "<group>"; };
		FDB9B5321D30F633005215B0 /* MC3DMainLoop.c */ = {isa = PBXFileReference; fileEncoding = 4; lastKnownFileType = sourcecode.c.c; path = MC3DMainLoop.c; sourceTree = "<group>"; };
		FDB9B5331D30F633005215B0 /* MC3DModel.c */ = {isa = PBXFileReference; fileEncoding = 4; lastKnownFileType = sourcecode.c.c; path = MC3DModel.c; sourceTree = "<group>"; };
		FDB9B5341D30F633005215B0 /* MC3DModel.h */ = {isa = PBXFileReference; fileEncoding = 4; lastKnownFileType = sourcecode.c.h; path = MC3DModel.h; sourceTree = "<group>"; };
		FDB9B5351D30F633005215B0 /* MC3DMtlParser.h */ = {isa = PBXFileReference; fileEncoding = 4; lastKnownFileType = sourcecode.c.h; path = MC3DMtlParser.h; sourceTree = "<group>"; };
		FDB9B5361D30F633005215B0 /* MC3DNode.c */ = {isa = PBXFileReference; fileEncoding = 4; lastKnownFileType = sourcecode.c.c; path = MC3DNode.c; sourceTree = "<group>"; };
		FDB9B5371D30F633005215B0 /* MC3DNode.h */ = {isa = PBXFileReference; fileEncoding = 4; lastKnownFileType = sourcecode.c.h; path = MC3DNode.h; sourceTree = "<group>"; };
		FDB9B5381D30F633005215B0 /* MC3DObjParser.h */ = {isa = PBXFileReference; fileEncoding = 4; lastKnownFileType = sourcecode.c.h; path = MC3DObjParser.h; sourceTree = "<group>"; };
		FDB9B5391D30F633005215B0 /* MC3DScene.c */ = {isa = PBXFileReference; fileEncoding = 4; lastKnownFileType = sourcecode.c.c; path = MC3DScene.c; sourceTree = "<group>"; };
		FDB9B53A1D30F633005215B0 /* MC3DScene.h */ = {isa = PBXFileReference; fileEncoding = 4; lastKnownFileType = sourcecode.c.h; path = MC3DScene.h; sourceTree = "<group>"; };
		FDB9B53B1D30F633005215B0 /* MC3DShapeBase.h */ = {isa = PBXFileReference; fileEncoding = 4; lastKnownFileType = sourcecode.c.h; path = MC3DShapeBase.h; sourceTree = "<group>"; };
		FDB9B53C1D30F633005215B0 /* MCCamera.c */ = {isa = PBXFileReference; fileEncoding = 4; lastKnownFileType = sourcecode.c.c; path = MCCamera.c; sourceTree = "<group>"; };
		FDB9B53D1D30F633005215B0 /* MCCamera.h */ = {isa = PBXFileReference; fileEncoding = 4; lastKnownFileType = sourcecode.c.h; path = MCCamera.h; sourceTree = "<group>"; };
		FDB9B53E1D30F633005215B0 /* MCCube.c */ = {isa = PBXFileReference; fileEncoding = 4; lastKnownFileType = sourcecode.c.c; path = MCCube.c; sourceTree = "<group>"; };
		FDB9B53F1D30F633005215B0 /* MCCube.h */ = {isa = PBXFileReference; fileEncoding = 4; lastKnownFileType = sourcecode.c.h; path = MCCube.h; sourceTree = "<group>"; };
		FDB9B5401D30F633005215B0 /* MCDirector.c */ = {isa = PBXFileReference; fileEncoding = 4; lastKnownFileType = sourcecode.c.c; path = MCDirector.c; sourceTree = "<group>"; };
		FDB9B5411D30F633005215B0 /* MCDirector.h */ = {isa = PBXFileReference; fileEncoding = 4; lastKnownFileType = sourcecode.c.h; path = MCDirector.h; sourceTree = "<group>"; };
		FDB9B5421D30F633005215B0 /* MCGLContext.c */ = {isa = PBXFileReference; fileEncoding = 4; lastKnownFileType = sourcecode.c.c; path = MCGLContext.c; sourceTree = "<group>"; };
		FDB9B5431D30F633005215B0 /* MCGLContext.h */ = {isa = PBXFileReference; fileEncoding = 4; lastKnownFileType = sourcecode.c.h; path = MCGLContext.h; sourceTree = "<group>"; };
		FDB9B5441D30F633005215B0 /* MCGLEngine.c */ = {isa = PBXFileReference; fileEncoding = 4; lastKnownFileType = sourcecode.c.c; path = MCGLEngine.c; sourceTree = "<group>"; };
		FDB9B5451D30F633005215B0 /* MCGLEngine.h */ = {isa = PBXFileReference; fileEncoding = 4; lastKnownFileType = sourcecode.c.h; path = MCGLEngine.h; sourceTree = "<group>"; };
		FDB9B5461D30F633005215B0 /* MCGLRenderer.c */ = {isa = PBXFileReference; fileEncoding = 4; lastKnownFileType = sourcecode.c.c; path = MCGLRenderer.c; sourceTree = "<group>"; };
		FDB9B5471D30F633005215B0 /* MCGLRenderer.h */ = {isa = PBXFileReference; fileEncoding = 4; lastKnownFileType = sourcecode.c.h; path = MCGLRenderer.h; sourceTree = "<group>"; };
		FDB9B5481D30F633005215B0 /* MCLight.c */ = {isa = PBXFileReference; fileEncoding = 4; lastKnownFileType = sourcecode.c.c; path = MCLight.c; sourceTree = "<group>"; };
		FDB9B5491D30F633005215B0 /* MCLight.h */ = {isa = PBXFileReference; fileEncoding = 4; lastKnownFileType = sourcecode.c.h; path = MCLight.h; sourceTree = "<group>"; };
		FDB9B54A1D30F633005215B0 /* MCMatrial.c */ = {isa = PBXFileReference; fileEncoding = 4; lastKnownFileType = sourcecode.c.c; path = MCMatrial.c; sourceTree = "<group>"; };
		FDB9B54B1D30F633005215B0 /* MCMatrial.h */ = {isa = PBXFileReference; fileEncoding = 4; lastKnownFileType = sourcecode.c.h; path = MCMatrial.h; sourceTree = "<group>"; };
		FDB9B54C1D30F633005215B0 /* MCMesh.c */ = {isa = PBXFileReference; fileEncoding = 4; lastKnownFileType = sourcecode.c.c; path = MCMesh.c; sourceTree = "<group>"; };
		FDB9B54D1D30F633005215B0 /* MCMesh.h */ = {isa = PBXFileReference; fileEncoding = 4; lastKnownFileType = sourcecode.c.h; path = MCMesh.h; sourceTree = "<group>"; };
		FDB9B54E1D30F633005215B0 /* MCOrbit.c */ = {isa = PBXFileReference; fileEncoding = 4; lastKnownFileType = sourcecode.c.c; path = MCOrbit.c; sourceTree = "<group>"; };
		FDB9B54F1D30F633005215B0 /* MCOrbit.h */ = {isa = PBXFileReference; fileEncoding = 4; lastKnownFileType = sourcecode.c.h; path = MCOrbit.h; sourceTree = "<group>"; };
		FDB9B5501D30F633005215B0 /* MCPanel.c */ = {isa = PBXFileReference; fileEncoding = 4; lastKnownFileType = sourcecode.c.c; path = MCPanel.c; sourceTree = "<group>"; };
		FDB9B5511D30F633005215B0 /* MCPanel.h */ = {isa = PBXFileReference; fileEncoding = 4; lastKnownFileType = sourcecode.c.h; path = MCPanel.h; sourceTree = "<group>"; };
		FDB9B5521D30F633005215B0 /* MCSkybox.c */ = {isa = PBXFileReference; fileEncoding = 4; lastKnownFileType = sourcecode.c.c; path = MCSkybox.c; sourceTree = "<group>"; };
		FDB9B5531D30F633005215B0 /* MCSkybox.h */ = {isa = PBXFileReference; fileEncoding = 4; lastKnownFileType = sourcecode.c.h; path = MCSkybox.h; sourceTree = "<group>"; };
		FDB9B5541D30F633005215B0 /* MCSkyboxCamera.c */ = {isa = PBXFileReference; fileEncoding = 4; lastKnownFileType = sourcecode.c.c; path = MCSkyboxCamera.c; sourceTree = "<group>"; };
		FDB9B5551D30F633005215B0 /* MCSkyboxCamera.h */ = {isa = PBXFileReference; fileEncoding = 4; lastKnownFileType = sourcecode.c.h; path = MCSkyboxCamera.h; sourceTree = "<group>"; };
		FDB9B5561D30F633005215B0 /* MCTexture.c */ = {isa = PBXFileReference; fileEncoding = 4; lastKnownFileType = sourcecode.c.c; path = MCTexture.c; sourceTree = "<group>"; };
		FDB9B5571D30F633005215B0 /* MCTexture.h */ = {isa = PBXFileReference; fileEncoding = 4; lastKnownFileType = sourcecode.c.h; path = MCTexture.h; sourceTree = "<group>"; };
		FDB9B5581D30F633005215B0 /* MCWorld.c */ = {isa = PBXFileReference; fileEncoding = 4; lastKnownFileType = sourcecode.c.c; path = MCWorld.c; sourceTree = "<group>"; };
		FDB9B5591D30F633005215B0 /* MCWorld.h */ = {isa = PBXFileReference; fileEncoding = 4; lastKnownFileType = sourcecode.c.h; path = MCWorld.h; sourceTree = "<group>"; };
		FDB9B55B1D30F633005215B0 /* MCArray.c */ = {isa = PBXFileReference; fileEncoding = 4; lastKnownFileType = sourcecode.c.c; path = MCArray.c; sourceTree = "<group>"; };
		FDB9B55C1D30F633005215B0 /* MCArray.h */ = {isa = PBXFileReference; fileEncoding = 4; lastKnownFileType = sourcecode.c.h; path = MCArray.h; sourceTree = "<group>"; };
		FDB9B55D1D30F633005215B0 /* MCBuffer.c */ = {isa = PBXFileReference; fileEncoding = 4; lastKnownFileType = sourcecode.c.c; path = MCBuffer.c; sourceTree = "<group>"; };
		FDB9B55E1D30F633005215B0 /* MCBuffer.h */ = {isa = PBXFileReference; fileEncoding = 4; lastKnownFileType = sourcecode.c.h; path = MCBuffer.h; sourceTree = "<group>"; };
		FDB9B55F1D30F633005215B0 /* MCClock.c */ = {isa = PBXFileReference; fileEncoding = 4; lastKnownFileType = sourcecode.c.c; path = MCClock.c; sourceTree = "<group>"; };
		FDB9B5601D30F633005215B0 /* MCClock.h */ = {isa = PBXFileReference; fileEncoding = 4; lastKnownFileType = sourcecode.c.h; path = MCClock.h; sourceTree = "<group>"; };
		FDB9B5611D30F633005215B0 /* MCContext.c */ = {isa = PBXFileReference; fileEncoding = 4; lastKnownFileType = sourcecode.c.c; path = MCContext.c; sourceTree = "<group>"; };
		FDB9B5621D30F633005215B0 /* MCContext.h */ = {isa = PBXFileReference; fileEncoding = 4; lastKnownFileType = sourcecode.c.h; path = MCContext.h; sourceTree = "<group>"; };
		FDB9B5631D30F633005215B0 /* MCException.c */ = {isa = PBXFileReference; fileEncoding = 4; lastKnownFileType = sourcecode.c.c; path = MCException.c; sourceTree = "<group>"; };
		FDB9B5641D30F633005215B0 /* MCException.h */ = {isa = PBXFileReference; fileEncoding = 4; lastKnownFileType = sourcecode.c.h; path = MCException.h; sourceTree = "<group>"; };
		FDB9B5651D30F633005215B0 /* MCIO.c */ = {isa = PBXFileReference; fileEncoding = 4; lastKnownFileType = sourcecode.c.c; path = MCIO.c; sourceTree = "<group>"; };
		FDB9B5661D30F633005215B0 /* MCIO.h */ = {isa = PBXFileReference; fileEncoding = 4; lastKnownFileType = sourcecode.c.h; path = MCIO.h; sourceTree = "<group>"; };
		FDB9B5671D30F633005215B0 /* MCLexer.h */ = {isa = PBXFileReference; fileEncoding = 4; lastKnownFileType = sourcecode.c.h; path = MCLexer.h; sourceTree = "<group>"; };
		FDB9B5681D30F633005215B0 /* MCLinkedList.c */ = {isa = PBXFileReference; fileEncoding = 4; lastKnownFileType = sourcecode.c.c; path = MCLinkedList.c; sourceTree = "<group>"; };
		FDB9B5691D30F633005215B0 /* MCLinkedList.h */ = {isa = PBXFileReference; fileEncoding = 4; lastKnownFileType = sourcecode.c.h; path = MCLinkedList.h; sourceTree = "<group>"; };
		FDB9B56A1D30F633005215B0 /* MCMath.c */ = {isa = PBXFileReference; fileEncoding = 4; lastKnownFileType = sourcecode.c.c; path = MCMath.c; sourceTree = "<group>"; };
		FDB9B56B1D30F633005215B0 /* MCMath.h */ = {isa = PBXFileReference; fileEncoding = 4; lastKnownFileType = sourcecode.c.h; path = MCMath.h; sourceTree = "<group>"; };
		FDB9B56C1D30F633005215B0 /* MCProcess.c */ = {isa = PBXFileReference; fileEncoding = 4; lastKnownFileType = sourcecode.c.c; path = MCProcess.c; sourceTree = "<group>"; };
		FDB9B56D1D30F633005215B0 /* MCProcess.h */ = {isa = PBXFileReference; fileEncoding = 4; lastKnownFileType = sourcecode.c.h; path = MCProcess.h; sourceTree = "<group>"; };
		FDB9B56E1D30F633005215B0 /* MCSocket.c */ = {isa = PBXFileReference; fileEncoding = 4; lastKnownFileType = sourcecode.c.c; path = MCSocket.c; sourceTree = "<group>"; };
		FDB9B56F1D30F633005215B0 /* MCSocket.h */ = {isa = PBXFileReference; fileEncoding = 4; lastKnownFileType = sourcecode.c.h; path = MCSocket.h; sourceTree = "<group>"; };
		FDB9B5701D30F633005215B0 /* MCString.c */ = {isa = PBXFileReference; fileEncoding = 4; lastKnownFileType = sourcecode.c.c; path = MCString.c; sourceTree = "<group>"; };
		FDB9B5711D30F633005215B0 /* MCString.h */ = {isa = PBXFileReference; fileEncoding = 4; lastKnownFileType = sourcecode.c.h; path = MCString.h; sourceTree = "<group>"; };
		FDB9B5721D30F633005215B0 /* MCThread.c */ = {isa = PBXFileReference; fileEncoding = 4; lastKnownFileType = sourcecode.c.c; path = MCThread.c; sourceTree = "<group>"; };
		FDB9B5731D30F633005215B0 /* MCThread.h */ = {isa = PBXFileReference; fileEncoding = 4; lastKnownFileType = sourcecode.c.h; path = MCThread.h; sourceTree = "<group>"; };
		FDB9B5741D30F633005215B0 /* MCUnitTest.c */ = {isa = PBXFileReference; fileEncoding = 4; lastKnownFileType = sourcecode.c.c; path = MCUnitTest.c; sourceTree = "<group>"; };
		FDB9B5751D30F633005215B0 /* MCUnitTest.h */ = {isa = PBXFileReference; fileEncoding = 4; lastKnownFileType = sourcecode.c.h; path = MCUnitTest.h; sourceTree = "<group>"; };
		FDB9B5771D30F633005215B0 /* MC3DiOS.h */ = {isa = PBXFileReference; fileEncoding = 4; lastKnownFileType = sourcecode.c.h; path = MC3DiOS.h; sourceTree = "<group>"; };
		FDB9B5781D30F633005215B0 /* MC3DiOSDriver.h */ = {isa = PBXFileReference; fileEncoding = 4; lastKnownFileType = sourcecode.c.h; path = MC3DiOSDriver.h; sourceTree = "<group>"; };
		FDB9B5791D30F633005215B0 /* MC3DiOSDriver.m */ = {isa = PBXFileReference; fileEncoding = 4; lastKnownFileType = sourcecode.c.objc; path = MC3DiOSDriver.m; sourceTree = "<group>"; };
		FDB9B57B1D30F633005215B0 /* HashTable.c */ = {isa = PBXFileReference; fileEncoding = 4; lastKnownFileType = sourcecode.c.c; path = HashTable.c; sourceTree = "<group>"; };
		FDB9B57C1D30F633005215B0 /* Lock.c */ = {isa = PBXFileReference; fileEncoding = 4; lastKnownFileType = sourcecode.c.c; path = Lock.c; sourceTree = "<group>"; };
		FDB9B57D1D30F633005215B0 /* Log.c */ = {isa = PBXFileReference; fileEncoding = 4; lastKnownFileType = sourcecode.c.c; path = Log.c; sourceTree = "<group>"; };
		FDB9B57F1D30F633005215B0 /* MCRuntimeAsm_ARM32.asm */ = {isa = PBXFileReference; lastKnownFileType = sourcecode.asm.asm; path = MCRuntimeAsm_ARM32.asm; sourceTree = "<group>"; };
		FDB9B5801D30F633005215B0 /* MCRuntimeAsm_ARM64.asm */ = {isa = PBXFileReference; lastKnownFileType = sourcecode.asm.asm; path = MCRuntimeAsm_ARM64.asm; sourceTree = "<group>"; };
		FDB9B5811D30F633005215B0 /* MCRuntimeAsm_IA32.asm */ = {isa = PBXFileReference; lastKnownFileType = sourcecode.asm.asm; path = MCRuntimeAsm_IA32.asm; sourceTree = "<group>"; };
		FDB9B5821D30F633005215B0 /* MCRuntimeAsm_IA32_darwin.asm */ = {isa = PBXFileReference; lastKnownFileType = sourcecode.asm.asm; path = MCRuntimeAsm_IA32_darwin.asm; sourceTree = "<group>"; };
		FDB9B5831D30F633005215B0 /* MCRuntimeAsm_PowerPC64.S */ = {isa = PBXFileReference; fileEncoding = 4; lastKnownFileType = sourcecode.asm; path = MCRuntimeAsm_PowerPC64.S; sourceTree = "<group>"; };
		FDB9B5841D30F633005215B0 /* MCRuntimeAsm_X8664.asm */ = {isa = PBXFileReference; lastKnownFileType = sourcecode.asm.asm; path = MCRuntimeAsm_X8664.asm; sourceTree = "<group>"; };
		FDB9B5851D30F633005215B0 /* MCRuntimeAsm_X8664_darwin.asm */ = {isa = PBXFileReference; lastKnownFileType = sourcecode.asm.asm; path = MCRuntimeAsm_X8664_darwin.asm; sourceTree = "<group>"; };
		FDB9B5861D30F633005215B0 /* MCRuntimeAsmIOS.S */ = {isa = PBXFileReference; fileEncoding = 4; lastKnownFileType = sourcecode.asm; path = MCRuntimeAsmIOS.S; sourceTree = "<group>"; };
		FDB9B5871D30F633005215B0 /* Messaging.c */ = {isa = PBXFileReference; fileEncoding = 4; lastKnownFileType = sourcecode.c.c; path = Messaging.c; sourceTree = "<group>"; };
		FDB9B5881D30F633005215B0 /* monkc.c */ = {isa = PBXFileReference; fileEncoding = 4; lastKnownFileType = sourcecode.c.c; path = monkc.c; sourceTree = "<group>"; };
		FDB9B5891D30F633005215B0 /* monkc.h */ = {isa = PBXFileReference; fileEncoding = 4; lastKnownFileType = sourcecode.c.h; path = monkc.h; sourceTree = "<group>"; };
		FDB9B58A1D30F633005215B0 /* ObjectManage.c */ = {isa = PBXFileReference; fileEncoding = 4; lastKnownFileType = sourcecode.c.c; path = ObjectManage.c; sourceTree = "<group>"; };
		FDB9B58C1D30F633005215B0 /* MainLoop.c */ = {isa = PBXFileReference; fileEncoding = 4; lastKnownFileType = sourcecode.c.c; path = MainLoop.c; sourceTree = "<group>"; };
		FDB9B58D1D30F633005215B0 /* Testbed.c */ = {isa = PBXFileReference; fileEncoding = 4; lastKnownFileType = sourcecode.c.c; path = Testbed.c; sourceTree = "<group>"; };
		FDB9B58E1D30F633005215B0 /* Testbed.h */ = {isa = PBXFileReference; fileEncoding = 4; lastKnownFileType = sourcecode.c.h; path = Testbed.h; sourceTree = "<group>"; };
		FDB9B5901D30F633005215B0 /* MCAccessble.h */ = {isa = PBXFileReference; fileEncoding = 4; lastKnownFileType = sourcecode.c.h; path = MCAccessble.h; sourceTree = "<group>"; };
		FDB9B5911D30F633005215B0 /* MCNode.c */ = {isa = PBXFileReference; fileEncoding = 4; lastKnownFileType = sourcecode.c.c; path = MCNode.c; sourceTree = "<group>"; };
		FDB9B5921D30F633005215B0 /* MCNode.h */ = {isa = PBXFileReference; fileEncoding = 4; lastKnownFileType = sourcecode.c.h; path = MCNode.h; sourceTree = "<group>"; };
		FDB9B5931D30F633005215B0 /* MCTouchble.h */ = {isa = PBXFileReference; fileEncoding = 4; lastKnownFileType = sourcecode.c.h; path = MCTouchble.h; sourceTree = "<group>"; };
		FDB9B5941D30F633005215B0 /* MCUIBase.h */ = {isa = PBXFileReference; fileEncoding = 4; lastKnownFileType = sourcecode.c.h; path = MCUIBase.h; sourceTree = "<group>"; };
		FDD87E001CCC979A00D292D3 /* 2.obj */ = {isa = PBXFileReference; fileEncoding = 4; lastKnownFileType = text; path = 2.obj; sourceTree = "<group>"; };
		FDFF06001B060BE1000064E3 /* Sapindus.app */ = {isa = PBXFileReference; explicitFileType = wrapper.application; includeInIndex = 0; path = Sapindus.app; sourceTree = BUILT_PRODUCTS_DIR; };
		FDFF061D1B060BE1000064E3 /* Sapindus.xctest */ = {isa = PBXFileReference; explicitFileType = wrapper.cfbundle; includeInIndex = 0; path = Sapindus.xctest; sourceTree = BUILT_PRODUCTS_DIR; };
/* End PBXFileReference section */

/* Begin PBXFrameworksBuildPhase section */
		FDFF05FD1B060BE1000064E3 /* Frameworks */ = {
			isa = PBXFrameworksBuildPhase;
			buildActionMask = 2147483647;
			files = (
			);
			runOnlyForDeploymentPostprocessing = 0;
		};
		FDFF061A1B060BE1000064E3 /* Frameworks */ = {
			isa = PBXFrameworksBuildPhase;
			buildActionMask = 2147483647;
			files = (
			);
			runOnlyForDeploymentPostprocessing = 0;
		};
/* End PBXFrameworksBuildPhase section */

/* Begin PBXGroup section */
		FD00C4A71CD10BAE00DCA45F /* Sapindus */ = {
			isa = PBXGroup;
			children = (
				FD00C4A81CD10BAE00DCA45F /* AppDelegate.h */,
				FD00C4A91CD10BAE00DCA45F /* AppDelegate.m */,
				FD00C4AA1CD10BAE00DCA45F /* LaunchScreen.xib */,
				FD00C4AC1CD10BAE00DCA45F /* Main.storyboard */,
				FD00C4AE1CD10BAE00DCA45F /* DetailNavController.h */,
				FD00C4AF1CD10BAE00DCA45F /* DetailNavController.m */,
				FD00C4B01CD10BAE00DCA45F /* GameViewController.h */,
				FD00C4B11CD10BAE00DCA45F /* GameViewController.m */,
				FD00C4B21CD10BAE00DCA45F /* Images.xcassets */,
				FD00C4B31CD10BAE00DCA45F /* Info.plist */,
				FD00C4B41CD10BAE00DCA45F /* ListViewController.h */,
				FD00C4B51CD10BAE00DCA45F /* ListViewController.m */,
				FD00C4B61CD10BAE00DCA45F /* main.m */,
				FD00C4B71CD10BAE00DCA45F /* MasterNavController.h */,
				FD00C4B81CD10BAE00DCA45F /* MasterNavController.m */,
				FD00C4B91CD10BAE00DCA45F /* SettingsListController.h */,
				FD00C4BA1CD10BAE00DCA45F /* SettingsListController.m */,
				FD00C4BB1CD10BAE00DCA45F /* SplitViewController.h */,
				FD00C4BC1CD10BAE00DCA45F /* SplitViewController.m */,
			);
			path = Sapindus;
			sourceTree = "<group>";
		};
		FD00C4BD1CD10BAE00DCA45F /* SapindusTests */ = {
			isa = PBXGroup;
			children = (
				FD00C4BE1CD10BAE00DCA45F /* Info.plist */,
				FD00C4CE1CD10D5E00DCA45F /* SapindusTests.m */,
			);
			path = SapindusTests;
			sourceTree = "<group>";
		};
		FD4CC1FF1C96EF6F00051C15 /* models */ = {
			isa = PBXGroup;
			children = (
				FDD87E001CCC979A00D292D3 /* 2.obj */,
				FD0097DE1CB8D781000A85DE /* Avent.obj */,
				FD4CC2021C99AC0F00051C15 /* monkey2.obj */,
				FD7FF8EB1CCB5FC5008106E5 /* sph.obj */,
				FD7FF8EF1CCB6043008106E5 /* bottle_cap2.obj */,
			);
			name = models;
			path = Resources/models;
			sourceTree = SOURCE_ROOT;
		};
		FD50E2211C15DE00001CC314 /* shaders */ = {
			isa = PBXGroup;
			children = (
				FD87847B1CCE41DC0071DAB4 /* MCSkyboxShader.vsh */,
				FD87847C1CCE41EA0071DAB4 /* MCSkyboxShader.fsh */,
				FD50E2221C15DE00001CC314 /* MCTextureShader.fsh */,
				FD50E2231C15DE00001CC314 /* MCTextureShader.vsh */,
				FD43FEA31C394A220043E019 /* MCLightShader.fsh */,
				FD43FEA51C394A390043E019 /* MCLightShader.vsh */,
				FD1E49AD1C760BED00ADCBD2 /* MCGLRenderer.fsh */,
				FD1E49AE1C760BED00ADCBD2 /* MCGLRenderer.vsh */,
			);
			path = shaders;
			sourceTree = "<group>";
		};
		FD5EFD3E1B0E3D9D00D2492A /* Resources */ = {
			isa = PBXGroup;
			children = (
				FD4CC1FF1C96EF6F00051C15 /* models */,
				FD50E2211C15DE00001CC314 /* shaders */,
				FD5EFD3F1B0E3D9D00D2492A /* icons */,
				FD5EFD561B0E3D9D00D2492A /* textures */,
			);
			path = Resources;
			sourceTree = "<group>";
		};
		FD5EFD3F1B0E3D9D00D2492A /* icons */ = {
			isa = PBXGroup;
			children = (
				FD5EFD401B0E3D9D00D2492A /* AppIcon.appiconset */,
				FD5EFD4C1B0E3D9D00D2492A /* Icon-60.png */,
				FD5EFD4D1B0E3D9D00D2492A /* Icon-72.png */,
				FD5EFD4E1B0E3D9D00D2492A /* Icon-72@2x.png */,
				FD5EFD4F1B0E3D9D00D2492A /* Icon-Small-50.png */,
				FD5EFD501B0E3D9D00D2492A /* Icon-Small-50@2x.png */,
				FD5EFD511B0E3D9D00D2492A /* Icon.png */,
				FD5EFD521B0E3D9D00D2492A /* Icon@2x.png */,
				FD5EFD531B0E3D9D00D2492A /* iTunesArtwork.png */,
				FD5EFD541B0E3D9D00D2492A /* iTunesArtwork@2x.png */,
			);
			path = icons;
			sourceTree = "<group>";
		};
		FD5EFD401B0E3D9D00D2492A /* AppIcon.appiconset */ = {
			isa = PBXGroup;
			children = (
				FD5EFD411B0E3D9D00D2492A /* Contents.json */,
				FD5EFD421B0E3D9D00D2492A /* Icon-40.png */,
				FD5EFD431B0E3D9D00D2492A /* Icon-40@2x.png */,
				FD5EFD441B0E3D9D00D2492A /* Icon-40@3x.png */,
				FD5EFD451B0E3D9D00D2492A /* Icon-60@2x.png */,
				FD5EFD461B0E3D9D00D2492A /* Icon-60@3x.png */,
				FD5EFD471B0E3D9D00D2492A /* Icon-76.png */,
				FD5EFD481B0E3D9D00D2492A /* Icon-76@2x.png */,
				FD5EFD491B0E3D9D00D2492A /* Icon-Small.png */,
				FD5EFD4A1B0E3D9D00D2492A /* Icon-Small@2x.png */,
				FD5EFD4B1B0E3D9D00D2492A /* Icon-Small@3x.png */,
			);
			path = AppIcon.appiconset;
			sourceTree = "<group>";
		};
		FD5EFD561B0E3D9D00D2492A /* textures */ = {
			isa = PBXGroup;
			children = (
				FD87847D1CCE5F8C0071DAB4 /* back.jpg */,
				FD87847E1CCE5F8C0071DAB4 /* bottom.jpg */,
				FD87847F1CCE5F8C0071DAB4 /* front.jpg */,
				FD8784801CCE5F8C0071DAB4 /* left.jpg */,
				FD8784811CCE5F8C0071DAB4 /* right.jpg */,
				FD8784821CCE5F8C0071DAB4 /* top.jpg */,
				FDAE48171C7E0943009DEE97 /* mcicon.jpg */,
				FD5EFD571B0E3D9D00D2492A /* mcicon.png */,
				FDA3DCDD1C9056BC0044965D /* tex1.jpg */,
				FD4CC1EC1C917F2D00051C15 /* tex2.bmp */,
				FD4CC1F01C91B40F00051C15 /* tex3.png */,
				FD4CC1EE1C91B40800051C15 /* tex4.bmp */,
				FD4CC1F61C91C9D600051C15 /* tex5.bmp */,
				FD4CC1F41C91C8C200051C15 /* tex5.png */,
				FD4CC1F81C93B43D00051C15 /* tex7.bmp */,
				FD4CC1FA1C93B55100051C15 /* tex8.bmp */,
				FD4CC1F21C91BD8300051C15 /* jongkhurun.png */,
			);
			path = textures;
			sourceTree = "<group>";
		};
		FDB9B51D1D30F633005215B0 /* BEAssets */ = {
			isa = PBXGroup;
			children = (
				FDB9B51E1D30F633005215B0 /* BEAssetsManager.c */,
				FDB9B51F1D30F633005215B0 /* BEAssetsManager.h */,
				FDB9B5201D30F633005215B0 /* external */,
				FDB9B52C1D30F633005215B0 /* MC3DMtlParser.h */,
				FDB9B52D1D30F633005215B0 /* MC3DObjParser.h */,
			);
			name = BEAssets;
			path = jni/BEAssets;
			sourceTree = "<group>";
		};
		FDB9B5201D30F633005215B0 /* external */ = {
			isa = PBXGroup;
			children = (
				FDB9B5211D30F633005215B0 /* SOIL */,
			);
			path = external;
			sourceTree = "<group>";
		};
		FDB9B5211D30F633005215B0 /* SOIL */ = {
			isa = PBXGroup;
			children = (
				FDB9B5221D30F633005215B0 /* image_DXT.c */,
				FDB9B5231D30F633005215B0 /* image_DXT.h */,
				FDB9B5241D30F633005215B0 /* image_helper.c */,
				FDB9B5251D30F633005215B0 /* image_helper.h */,
				FDB9B5261D30F633005215B0 /* SOIL.c */,
				FDB9B5271D30F633005215B0 /* SOIL.h */,
				FDB9B5281D30F633005215B0 /* stb_image_aug.c */,
				FDB9B5291D30F633005215B0 /* stb_image_aug.h */,
				FDB9B52A1D30F633005215B0 /* stbi_DDS_aug.h */,
				FDB9B52B1D30F633005215B0 /* stbi_DDS_aug_c.h */,
			);
			path = SOIL;
			sourceTree = "<group>";
		};
		FDB9B52E1D30F633005215B0 /* Engine */ = {
			isa = PBXGroup;
			children = (
				FDB9B52F1D30F633005215B0 /* MC2DTex.c */,
				FDB9B5301D30F633005215B0 /* MC2DTex.h */,
				FDB9B5311D30F633005215B0 /* MC3DBase.h */,
				FDB9B5321D30F633005215B0 /* MC3DMainLoop.c */,
				FDB9B5331D30F633005215B0 /* MC3DModel.c */,
				FDB9B5341D30F633005215B0 /* MC3DModel.h */,
				FDB9B5351D30F633005215B0 /* MC3DMtlParser.h */,
				FDB9B5361D30F633005215B0 /* MC3DNode.c */,
				FDB9B5371D30F633005215B0 /* MC3DNode.h */,
				FDB9B5381D30F633005215B0 /* MC3DObjParser.h */,
				FDB9B5391D30F633005215B0 /* MC3DScene.c */,
				FDB9B53A1D30F633005215B0 /* MC3DScene.h */,
				FDB9B53B1D30F633005215B0 /* MC3DShapeBase.h */,
				FDB9B53C1D30F633005215B0 /* MCCamera.c */,
				FDB9B53D1D30F633005215B0 /* MCCamera.h */,
				FDB9B53E1D30F633005215B0 /* MCCube.c */,
				FDB9B53F1D30F633005215B0 /* MCCube.h */,
				FDB9B5401D30F633005215B0 /* MCDirector.c */,
				FDB9B5411D30F633005215B0 /* MCDirector.h */,
				FDB9B5421D30F633005215B0 /* MCGLContext.c */,
				FDB9B5431D30F633005215B0 /* MCGLContext.h */,
				FDB9B5441D30F633005215B0 /* MCGLEngine.c */,
				FDB9B5451D30F633005215B0 /* MCGLEngine.h */,
				FDB9B5461D30F633005215B0 /* MCGLRenderer.c */,
				FDB9B5471D30F633005215B0 /* MCGLRenderer.h */,
				FDB9B5481D30F633005215B0 /* MCLight.c */,
				FDB9B5491D30F633005215B0 /* MCLight.h */,
				FDB9B54A1D30F633005215B0 /* MCMatrial.c */,
				FDB9B54B1D30F633005215B0 /* MCMatrial.h */,
				FDB9B54C1D30F633005215B0 /* MCMesh.c */,
				FDB9B54D1D30F633005215B0 /* MCMesh.h */,
				FDB9B54E1D30F633005215B0 /* MCOrbit.c */,
				FDB9B54F1D30F633005215B0 /* MCOrbit.h */,
				FDB9B5501D30F633005215B0 /* MCPanel.c */,
				FDB9B5511D30F633005215B0 /* MCPanel.h */,
				FDB9B5521D30F633005215B0 /* MCSkybox.c */,
				FDB9B5531D30F633005215B0 /* MCSkybox.h */,
				FDB9B5541D30F633005215B0 /* MCSkyboxCamera.c */,
				FDB9B5551D30F633005215B0 /* MCSkyboxCamera.h */,
				FDB9B5561D30F633005215B0 /* MCTexture.c */,
				FDB9B5571D30F633005215B0 /* MCTexture.h */,
				FDB9B5581D30F633005215B0 /* MCWorld.c */,
				FDB9B5591D30F633005215B0 /* MCWorld.h */,
			);
			name = Engine;
			path = jni/Engine;
			sourceTree = "<group>";
		};
		FDB9B55A1D30F633005215B0 /* Lemontea */ = {
			isa = PBXGroup;
			children = (
				FDB9B55B1D30F633005215B0 /* MCArray.c */,
				FDB9B55C1D30F633005215B0 /* MCArray.h */,
				FDB9B55D1D30F633005215B0 /* MCBuffer.c */,
				FDB9B55E1D30F633005215B0 /* MCBuffer.h */,
				FDB9B55F1D30F633005215B0 /* MCClock.c */,
				FDB9B5601D30F633005215B0 /* MCClock.h */,
				FDB9B5611D30F633005215B0 /* MCContext.c */,
				FDB9B5621D30F633005215B0 /* MCContext.h */,
				FDB9B5631D30F633005215B0 /* MCException.c */,
				FDB9B5641D30F633005215B0 /* MCException.h */,
				FDB9B5651D30F633005215B0 /* MCIO.c */,
				FDB9B5661D30F633005215B0 /* MCIO.h */,
				FDB9B5671D30F633005215B0 /* MCLexer.h */,
				FDB9B5681D30F633005215B0 /* MCLinkedList.c */,
				FDB9B5691D30F633005215B0 /* MCLinkedList.h */,
				FDB9B56A1D30F633005215B0 /* MCMath.c */,
				FDB9B56B1D30F633005215B0 /* MCMath.h */,
				FDB9B56C1D30F633005215B0 /* MCProcess.c */,
				FDB9B56D1D30F633005215B0 /* MCProcess.h */,
				FDB9B56E1D30F633005215B0 /* MCSocket.c */,
				FDB9B56F1D30F633005215B0 /* MCSocket.h */,
				FDB9B5701D30F633005215B0 /* MCString.c */,
				FDB9B5711D30F633005215B0 /* MCString.h */,
				FDB9B5721D30F633005215B0 /* MCThread.c */,
				FDB9B5731D30F633005215B0 /* MCThread.h */,
				FDB9B5741D30F633005215B0 /* MCUnitTest.c */,
				FDB9B5751D30F633005215B0 /* MCUnitTest.h */,
			);
			name = Lemontea;
			path = jni/Lemontea;
			sourceTree = "<group>";
		};
		FDB9B5761D30F633005215B0 /* MCDriver */ = {
			isa = PBXGroup;
			children = (
				FDB9B5771D30F633005215B0 /* MC3DiOS.h */,
				FDB9B5781D30F633005215B0 /* MC3DiOSDriver.h */,
				FDB9B5791D30F633005215B0 /* MC3DiOSDriver.m */,
			);
			name = MCDriver;
			path = jni/MCDriver;
			sourceTree = "<group>";
		};
		FDB9B57A1D30F633005215B0 /* MCLib */ = {
			isa = PBXGroup;
			children = (
				FDB9B57B1D30F633005215B0 /* HashTable.c */,
				FDB9B57C1D30F633005215B0 /* Lock.c */,
				FDB9B57D1D30F633005215B0 /* Log.c */,
				FDB9B57E1D30F633005215B0 /* MCRuntimeAsm */,
				FDB9B5871D30F633005215B0 /* Messaging.c */,
				FDB9B5881D30F633005215B0 /* monkc.c */,
				FDB9B5891D30F633005215B0 /* monkc.h */,
				FDB9B58A1D30F633005215B0 /* ObjectManage.c */,
			);
			name = MCLib;
			path = jni/MCLib;
			sourceTree = "<group>";
		};
		FDB9B57E1D30F633005215B0 /* MCRuntimeAsm */ = {
			isa = PBXGroup;
			children = (
				FDB9B57F1D30F633005215B0 /* MCRuntimeAsm_ARM32.asm */,
				FDB9B5801D30F633005215B0 /* MCRuntimeAsm_ARM64.asm */,
				FDB9B5811D30F633005215B0 /* MCRuntimeAsm_IA32.asm */,
				FDB9B5821D30F633005215B0 /* MCRuntimeAsm_IA32_darwin.asm */,
				FDB9B5831D30F633005215B0 /* MCRuntimeAsm_PowerPC64.S */,
				FDB9B5841D30F633005215B0 /* MCRuntimeAsm_X8664.asm */,
				FDB9B5851D30F633005215B0 /* MCRuntimeAsm_X8664_darwin.asm */,
				FDB9B5861D30F633005215B0 /* MCRuntimeAsmIOS.S */,
			);
			path = MCRuntimeAsm;
			sourceTree = "<group>";
		};
		FDB9B58B1D30F633005215B0 /* MCSource */ = {
			isa = PBXGroup;
			children = (
				FDB9B58C1D30F633005215B0 /* MainLoop.c */,
				FDB9B58D1D30F633005215B0 /* Testbed.c */,
				FDB9B58E1D30F633005215B0 /* Testbed.h */,
				FDB9B58F1D30F633005215B0 /* UI */,
			);
			name = MCSource;
			path = jni/MCSource;
			sourceTree = "<group>";
		};
		FDB9B58F1D30F633005215B0 /* UI */ = {
			isa = PBXGroup;
			children = (
				FDB9B5901D30F633005215B0 /* MCAccessble.h */,
				FDB9B5911D30F633005215B0 /* MCNode.c */,
				FDB9B5921D30F633005215B0 /* MCNode.h */,
				FDB9B5931D30F633005215B0 /* MCTouchble.h */,
				FDB9B5941D30F633005215B0 /* MCUIBase.h */,
			);
			path = UI;
			sourceTree = "<group>";
		};
		FDFF05F71B060BE1000064E3 = {
			isa = PBXGroup;
			children = (
				FDB9B51D1D30F633005215B0 /* BEAssets */,
				FDB9B52E1D30F633005215B0 /* Engine */,
				FDB9B55A1D30F633005215B0 /* Lemontea */,
				FDB9B5761D30F633005215B0 /* MCDriver */,
				FDB9B57A1D30F633005215B0 /* MCLib */,
				FDB9B58B1D30F633005215B0 /* MCSource */,
				FD00C4A71CD10BAE00DCA45F /* Sapindus */,
				FD00C4BD1CD10BAE00DCA45F /* SapindusTests */,
				FD5EFD3E1B0E3D9D00D2492A /* Resources */,
				FDFF06011B060BE1000064E3 /* Products */,
			);
			sourceTree = "<group>";
		};
		FDFF06011B060BE1000064E3 /* Products */ = {
			isa = PBXGroup;
			children = (
				FDFF06001B060BE1000064E3 /* Sapindus.app */,
				FDFF061D1B060BE1000064E3 /* Sapindus.xctest */,
			);
			name = Products;
			sourceTree = "<group>";
		};
/* End PBXGroup section */

/* Begin PBXNativeTarget section */
		FDFF05FF1B060BE1000064E3 /* Sapindus */ = {
			isa = PBXNativeTarget;
			buildConfigurationList = FDFF06271B060BE1000064E3 /* Build configuration list for PBXNativeTarget "Sapindus" */;
			buildPhases = (
				FDFF05FE1B060BE1000064E3 /* Resources */,
				FDFF05FC1B060BE1000064E3 /* Sources */,
				FDFF05FD1B060BE1000064E3 /* Frameworks */,
			);
			buildRules = (
			);
			dependencies = (
			);
			name = Sapindus;
			productName = monkcGame;
			productReference = FDFF06001B060BE1000064E3 /* Sapindus.app */;
			productType = "com.apple.product-type.application";
		};
		FDFF061C1B060BE1000064E3 /* SapindusTests */ = {
			isa = PBXNativeTarget;
			buildConfigurationList = FDFF062A1B060BE1000064E3 /* Build configuration list for PBXNativeTarget "SapindusTests" */;
			buildPhases = (
				FDFF06191B060BE1000064E3 /* Sources */,
				FDFF061A1B060BE1000064E3 /* Frameworks */,
				FDFF061B1B060BE1000064E3 /* Resources */,
			);
			buildRules = (
			);
			dependencies = (
				FDFF061F1B060BE1000064E3 /* PBXTargetDependency */,
			);
			name = SapindusTests;
			productName = monkcGameTests;
			productReference = FDFF061D1B060BE1000064E3 /* Sapindus.xctest */;
			productType = "com.apple.product-type.bundle.unit-test";
		};
/* End PBXNativeTarget section */

/* Begin PBXProject section */
		FDFF05F81B060BE1000064E3 /* Project object */ = {
			isa = PBXProject;
			attributes = {
				LastUpgradeCheck = 0710;
				ORGANIZATIONNAME = oreisoft;
				TargetAttributes = {
					FDFF05FF1B060BE1000064E3 = {
						CreatedOnToolsVersion = 6.3.1;
						DevelopmentTeam = R7BTEXA73U;
					};
					FDFF061C1B060BE1000064E3 = {
						CreatedOnToolsVersion = 6.3.1;
						TestTargetID = FDFF05FF1B060BE1000064E3;
					};
				};
			};
			buildConfigurationList = FDFF05FB1B060BE1000064E3 /* Build configuration list for PBXProject "Sapindus" */;
			compatibilityVersion = "Xcode 3.2";
			developmentRegion = English;
			hasScannedForEncodings = 0;
			knownRegions = (
				en,
				Base,
			);
			mainGroup = FDFF05F71B060BE1000064E3;
			productRefGroup = FDFF06011B060BE1000064E3 /* Products */;
			projectDirPath = "";
			projectRoot = "";
			targets = (
				FDFF05FF1B060BE1000064E3 /* Sapindus */,
				FDFF061C1B060BE1000064E3 /* SapindusTests */,
			);
		};
/* End PBXProject section */

/* Begin PBXResourcesBuildPhase section */
		FDFF05FE1B060BE1000064E3 /* Resources */ = {
			isa = PBXResourcesBuildPhase;
			buildActionMask = 2147483647;
			files = (
				FD8784891CCE624B0071DAB4 /* MCSkyboxShader.vsh in Resources */,
				FD87848A1CCE624B0071DAB4 /* MCSkyboxShader.fsh in Resources */,
				FDD87E061CCC979A00D292D3 /* 2.obj in Resources */,
				FD7FF8EC1CCB5FC5008106E5 /* sph.obj in Resources */,
				FD5EFD661B0E3D9D00D2492A /* Icon-Small-50.png in Resources */,
				FD43FEA41C394A220043E019 /* MCLightShader.fsh in Resources */,
				FD5EFD581B0E3D9D00D2492A /* Contents.json in Resources */,
				FD4CC1EF1C91B40800051C15 /* tex4.bmp in Resources */,
				FD50E2241C15DE00001CC314 /* MCTextureShader.fsh in Resources */,
				FD4CC1F91C93B43D00051C15 /* tex7.bmp in Resources */,
				FD5EFD671B0E3D9D00D2492A /* Icon-Small-50@2x.png in Resources */,
				FD5EFD651B0E3D9D00D2492A /* Icon-72@2x.png in Resources */,
				FD00C4CC1CD10BAE00DCA45F /* Info.plist in Resources */,
				FD8784861CCE5F8C0071DAB4 /* left.jpg in Resources */,
				FD5EFD691B0E3D9D00D2492A /* Icon@2x.png in Resources */,
				FD5EFD591B0E3D9D00D2492A /* Icon-40.png in Resources */,
				FD50E2251C15DE00001CC314 /* MCTextureShader.vsh in Resources */,
				FD4CC2031C99AC0F00051C15 /* monkey2.obj in Resources */,
				FD5EFD621B0E3D9D00D2492A /* Icon-Small@3x.png in Resources */,
				FD8784851CCE5F8C0071DAB4 /* front.jpg in Resources */,
				FDA3DCDE1C9056BC0044965D /* tex1.jpg in Resources */,
				FD4CC1F31C91BD8300051C15 /* jongkhurun.png in Resources */,
				FD4CC1F11C91B40F00051C15 /* tex3.png in Resources */,
				FD5EFD601B0E3D9D00D2492A /* Icon-Small.png in Resources */,
				FD5EFD6A1B0E3D9D00D2492A /* iTunesArtwork.png in Resources */,
				FD8784841CCE5F8C0071DAB4 /* bottom.jpg in Resources */,
				FD5EFD5A1B0E3D9D00D2492A /* Icon-40@2x.png in Resources */,
				FD5EFD5C1B0E3D9D00D2492A /* Icon-60@2x.png in Resources */,
				FD5EFD6D1B0E3D9D00D2492A /* mcicon.png in Resources */,
				FD5EFD5E1B0E3D9D00D2492A /* Icon-76.png in Resources */,
				FD00C4C11CD10BAE00DCA45F /* LaunchScreen.xib in Resources */,
				FD00C4C21CD10BAE00DCA45F /* Main.storyboard in Resources */,
				FD8784871CCE5F8C0071DAB4 /* right.jpg in Resources */,
				FD8784881CCE5F8C0071DAB4 /* top.jpg in Resources */,
				FD5EFD681B0E3D9D00D2492A /* Icon.png in Resources */,
				FD4CC1F71C91C9D600051C15 /* tex5.bmp in Resources */,
				FD1E49B01C760BED00ADCBD2 /* MCGLRenderer.vsh in Resources */,
				FD8784831CCE5F8C0071DAB4 /* back.jpg in Resources */,
				FD5EFD5D1B0E3D9D00D2492A /* Icon-60@3x.png in Resources */,
				FD5EFD631B0E3D9D00D2492A /* Icon-60.png in Resources */,
				FD4CC1ED1C917F2D00051C15 /* tex2.bmp in Resources */,
				FD1E49AF1C760BED00ADCBD2 /* MCGLRenderer.fsh in Resources */,
				FD7FF8F01CCB6043008106E5 /* bottle_cap2.obj in Resources */,
				FD00C4C51CD10BAE00DCA45F /* Images.xcassets in Resources */,
				FD4CC1F51C91C8C200051C15 /* tex5.png in Resources */,
				FD0097DF1CB8D781000A85DE /* Avent.obj in Resources */,
				FD5EFD5B1B0E3D9D00D2492A /* Icon-40@3x.png in Resources */,
				FD43FEA61C394A390043E019 /* MCLightShader.vsh in Resources */,
				FD5EFD6B1B0E3D9D00D2492A /* iTunesArtwork@2x.png in Resources */,
				FD5EFD5F1B0E3D9D00D2492A /* Icon-76@2x.png in Resources */,
				FD5EFD641B0E3D9D00D2492A /* Icon-72.png in Resources */,
				FD5EFD611B0E3D9D00D2492A /* Icon-Small@2x.png in Resources */,
			);
			runOnlyForDeploymentPostprocessing = 0;
		};
		FDFF061B1B060BE1000064E3 /* Resources */ = {
			isa = PBXResourcesBuildPhase;
			buildActionMask = 2147483647;
			files = (
			);
			runOnlyForDeploymentPostprocessing = 0;
		};
/* End PBXResourcesBuildPhase section */

/* Begin PBXSourcesBuildPhase section */
		FDFF05FC1B060BE1000064E3 /* Sources */ = {
			isa = PBXSourcesBuildPhase;
			buildActionMask = 2147483647;
			files = (
				FDB9B5971D30F633005215B0 /* image_helper.c in Sources */,
				FDB9B59B1D30F633005215B0 /* MC3DMainLoop.c in Sources */,
				FDB9B5C71D30F633005215B0 /* Messaging.c in Sources */,
				FDB9B5B91D30F633005215B0 /* MCThread.c in Sources */,
				FDB9B5AB1D30F633005215B0 /* MCSkyboxCamera.c in Sources */,
				FDB9B59A1D30F633005215B0 /* MC2DTex.c in Sources */,
				FDB9B5951D30F633005215B0 /* BEAssetsManager.c in Sources */,
				FDB9B59C1D30F633005215B0 /* MC3DModel.c in Sources */,
				FDB9B5991D30F633005215B0 /* stb_image_aug.c in Sources */,
				FDB9B5A11D30F633005215B0 /* MCDirector.c in Sources */,
				FDB9B5981D30F633005215B0 /* SOIL.c in Sources */,
				FDB9B5A61D30F633005215B0 /* MCMatrial.c in Sources */,
				FD00C4C71CD10BAE00DCA45F /* ListViewController.m in Sources */,
				FDB9B5A41D30F633005215B0 /* MCGLRenderer.c in Sources */,
				FDB9B5CB1D30F633005215B0 /* Testbed.c in Sources */,
				FD00C4C81CD10BAE00DCA45F /* main.m in Sources */,
				FDB9B5BB1D30F633005215B0 /* MC3DiOSDriver.m in Sources */,
				FD00C4CA1CD10BAE00DCA45F /* SettingsListController.m in Sources */,
				FDB9B5B81D30F633005215B0 /* MCString.c in Sources */,
				FDB9B5B01D30F633005215B0 /* MCClock.c in Sources */,
				FDB9B5C81D30F633005215B0 /* monkc.c in Sources */,
				FDB9B5BA1D30F633005215B0 /* MCUnitTest.c in Sources */,
				FDB9B5B21D30F633005215B0 /* MCException.c in Sources */,
				FDB9B5961D30F633005215B0 /* image_DXT.c in Sources */,
				FDB9B5C61D30F633005215B0 /* MCRuntimeAsmIOS.S in Sources */,
				FDB9B5A71D30F633005215B0 /* MCMesh.c in Sources */,
				FDB9B5B51D30F633005215B0 /* MCMath.c in Sources */,
				FDB9B5B71D30F633005215B0 /* MCSocket.c in Sources */,
				FDB9B5BC1D30F633005215B0 /* HashTable.c in Sources */,
				FDB9B5B41D30F633005215B0 /* MCLinkedList.c in Sources */,
				FDB9B59D1D30F633005215B0 /* MC3DNode.c in Sources */,
				FDB9B5AE1D30F633005215B0 /* MCArray.c in Sources */,
				FDB9B5A01D30F633005215B0 /* MCCube.c in Sources */,
				FDB9B5A31D30F633005215B0 /* MCGLEngine.c in Sources */,
				FD00C4CB1CD10BAE00DCA45F /* SplitViewController.m in Sources */,
				FDB9B5AD1D30F633005215B0 /* MCWorld.c in Sources */,
				FDB9B59E1D30F633005215B0 /* MC3DScene.c in Sources */,
				FDB9B5AF1D30F633005215B0 /* MCBuffer.c in Sources */,
				FDB9B5BD1D30F633005215B0 /* Lock.c in Sources */,
				FDB9B5B31D30F633005215B0 /* MCIO.c in Sources */,
				FDB9B5BE1D30F633005215B0 /* Log.c in Sources */,
				FDB9B5CC1D30F633005215B0 /* MCNode.c in Sources */,
				FDB9B5CA1D30F633005215B0 /* MainLoop.c in Sources */,
				FDB9B5A91D30F633005215B0 /* MCPanel.c in Sources */,
				FDB9B5A21D30F633005215B0 /* MCGLContext.c in Sources */,
				FD00C4C31CD10BAE00DCA45F /* DetailNavController.m in Sources */,
				FDB9B5A51D30F633005215B0 /* MCLight.c in Sources */,
				FDB9B5B61D30F633005215B0 /* MCProcess.c in Sources */,
				FD00C4C41CD10BAE00DCA45F /* GameViewController.m in Sources */,
				FDB9B59F1D30F633005215B0 /* MCCamera.c in Sources */,
				FD00C4C01CD10BAE00DCA45F /* AppDelegate.m in Sources */,
				FDB9B5AA1D30F633005215B0 /* MCSkybox.c in Sources */,
				FDB9B5AC1D30F633005215B0 /* MCTexture.c in Sources */,
				FDB9B5C91D30F633005215B0 /* ObjectManage.c in Sources */,
				FDB9B5A81D30F633005215B0 /* MCOrbit.c in Sources */,
				FD00C4C91CD10BAE00DCA45F /* MasterNavController.m in Sources */,
				FDB9B5B11D30F633005215B0 /* MCContext.c in Sources */,
			);
			runOnlyForDeploymentPostprocessing = 0;
		};
		FDFF06191B060BE1000064E3 /* Sources */ = {
			isa = PBXSourcesBuildPhase;
			buildActionMask = 2147483647;
			files = (
				FD00C4CF1CD10D5E00DCA45F /* SapindusTests.m in Sources */,
			);
			runOnlyForDeploymentPostprocessing = 0;
		};
/* End PBXSourcesBuildPhase section */

/* Begin PBXTargetDependency section */
		FDFF061F1B060BE1000064E3 /* PBXTargetDependency */ = {
			isa = PBXTargetDependency;
			target = FDFF05FF1B060BE1000064E3 /* Sapindus */;
			targetProxy = FDFF061E1B060BE1000064E3 /* PBXContainerItemProxy */;
		};
/* End PBXTargetDependency section */

/* Begin PBXVariantGroup section */
		FD00C4AA1CD10BAE00DCA45F /* LaunchScreen.xib */ = {
			isa = PBXVariantGroup;
			children = (
				FD00C4AB1CD10BAE00DCA45F /* Base */,
			);
			name = LaunchScreen.xib;
			sourceTree = "<group>";
		};
		FD00C4AC1CD10BAE00DCA45F /* Main.storyboard */ = {
			isa = PBXVariantGroup;
			children = (
				FD00C4AD1CD10BAE00DCA45F /* Base */,
			);
			name = Main.storyboard;
			sourceTree = "<group>";
		};
/* End PBXVariantGroup section */

/* Begin XCBuildConfiguration section */
		FDFF06251B060BE1000064E3 /* Debug */ = {
			isa = XCBuildConfiguration;
			buildSettings = {
				ALWAYS_SEARCH_USER_PATHS = NO;
				CLANG_CXX_LANGUAGE_STANDARD = "gnu++0x";
				CLANG_CXX_LIBRARY = "libc++";
				CLANG_ENABLE_MODULES = YES;
				CLANG_ENABLE_OBJC_ARC = YES;
				CLANG_WARN_BOOL_CONVERSION = YES;
				CLANG_WARN_CONSTANT_CONVERSION = YES;
				CLANG_WARN_DIRECT_OBJC_ISA_USAGE = YES_ERROR;
				CLANG_WARN_EMPTY_BODY = YES;
				CLANG_WARN_ENUM_CONVERSION = YES;
				CLANG_WARN_INT_CONVERSION = YES;
				CLANG_WARN_OBJC_ROOT_CLASS = YES_ERROR;
				CLANG_WARN_UNREACHABLE_CODE = YES;
				CLANG_WARN__DUPLICATE_METHOD_MATCH = YES;
				CODE_SIGN_IDENTITY = "iPhone Developer: sun yuli (F4876BSQ5B)";
				"CODE_SIGN_IDENTITY[sdk=iphoneos*]" = "iPhone Developer";
				COPY_PHASE_STRIP = NO;
				DEBUG_INFORMATION_FORMAT = "dwarf-with-dsym";
				ENABLE_STRICT_OBJC_MSGSEND = YES;
				ENABLE_TESTABILITY = YES;
				GCC_C_LANGUAGE_STANDARD = gnu99;
				GCC_DYNAMIC_NO_PIC = NO;
				GCC_NO_COMMON_BLOCKS = YES;
				GCC_OPTIMIZATION_LEVEL = 0;
				GCC_PREPROCESSOR_DEFINITIONS = (
					"DEBUG=1",
					"$(inherited)",
				);
				GCC_SYMBOLS_PRIVATE_EXTERN = NO;
				GCC_WARN_64_TO_32_BIT_CONVERSION = YES;
				GCC_WARN_ABOUT_RETURN_TYPE = YES_ERROR;
				GCC_WARN_UNDECLARED_SELECTOR = YES;
				GCC_WARN_UNINITIALIZED_AUTOS = YES_AGGRESSIVE;
				GCC_WARN_UNUSED_FUNCTION = YES;
				GCC_WARN_UNUSED_VARIABLE = YES;
				IPHONEOS_DEPLOYMENT_TARGET = 8.3;
				MTL_ENABLE_DEBUG_INFO = YES;
				ONLY_ACTIVE_ARCH = YES;
				SDKROOT = iphoneos;
				TARGETED_DEVICE_FAMILY = "1,2";
				VALID_ARCHS = arm64;
			};
			name = Debug;
		};
		FDFF06261B060BE1000064E3 /* Release */ = {
			isa = XCBuildConfiguration;
			buildSettings = {
				ALWAYS_SEARCH_USER_PATHS = NO;
				CLANG_CXX_LANGUAGE_STANDARD = "gnu++0x";
				CLANG_CXX_LIBRARY = "libc++";
				CLANG_ENABLE_MODULES = YES;
				CLANG_ENABLE_OBJC_ARC = YES;
				CLANG_WARN_BOOL_CONVERSION = YES;
				CLANG_WARN_CONSTANT_CONVERSION = YES;
				CLANG_WARN_DIRECT_OBJC_ISA_USAGE = YES_ERROR;
				CLANG_WARN_EMPTY_BODY = YES;
				CLANG_WARN_ENUM_CONVERSION = YES;
				CLANG_WARN_INT_CONVERSION = YES;
				CLANG_WARN_OBJC_ROOT_CLASS = YES_ERROR;
				CLANG_WARN_UNREACHABLE_CODE = YES;
				CLANG_WARN__DUPLICATE_METHOD_MATCH = YES;
				CODE_SIGN_IDENTITY = "iPhone Developer: sun yuli (F4876BSQ5B)";
				"CODE_SIGN_IDENTITY[sdk=iphoneos*]" = "iPhone Developer";
				COPY_PHASE_STRIP = NO;
				DEBUG_INFORMATION_FORMAT = "dwarf-with-dsym";
				ENABLE_NS_ASSERTIONS = NO;
				ENABLE_STRICT_OBJC_MSGSEND = YES;
				GCC_C_LANGUAGE_STANDARD = gnu99;
				GCC_NO_COMMON_BLOCKS = YES;
				GCC_WARN_64_TO_32_BIT_CONVERSION = YES;
				GCC_WARN_ABOUT_RETURN_TYPE = YES_ERROR;
				GCC_WARN_UNDECLARED_SELECTOR = YES;
				GCC_WARN_UNINITIALIZED_AUTOS = YES_AGGRESSIVE;
				GCC_WARN_UNUSED_FUNCTION = YES;
				GCC_WARN_UNUSED_VARIABLE = YES;
				IPHONEOS_DEPLOYMENT_TARGET = 8.3;
				MTL_ENABLE_DEBUG_INFO = NO;
				SDKROOT = iphoneos;
				TARGETED_DEVICE_FAMILY = "1,2";
				VALIDATE_PRODUCT = YES;
				VALID_ARCHS = arm64;
			};
			name = Release;
		};
		FDFF06281B060BE1000064E3 /* Debug */ = {
			isa = XCBuildConfiguration;
			buildSettings = {
				ASSETCATALOG_COMPILER_APPICON_NAME = AppIcon;
				CODE_SIGN_IDENTITY = "iPhone Developer";
				"CODE_SIGN_IDENTITY[sdk=iphoneos*]" = "iPhone Developer";
				INFOPLIST_FILE = Sapindus/Info.plist;
				LD_RUNPATH_SEARCH_PATHS = "$(inherited) @executable_path/Frameworks";
				ONLY_ACTIVE_ARCH = YES;
				PRODUCT_BUNDLE_IDENTIFIER = sapindus;
				PRODUCT_NAME = Sapindus;
				PROVISIONING_PROFILE = "";
				VALID_ARCHS = arm64;
			};
			name = Debug;
		};
		FDFF06291B060BE1000064E3 /* Release */ = {
			isa = XCBuildConfiguration;
			buildSettings = {
				ASSETCATALOG_COMPILER_APPICON_NAME = AppIcon;
				CODE_SIGN_IDENTITY = "iPhone Developer";
				"CODE_SIGN_IDENTITY[sdk=iphoneos*]" = "iPhone Developer";
				INFOPLIST_FILE = Sapindus/Info.plist;
				LD_RUNPATH_SEARCH_PATHS = "$(inherited) @executable_path/Frameworks";
				ONLY_ACTIVE_ARCH = YES;
				PRODUCT_BUNDLE_IDENTIFIER = sapindus;
				PRODUCT_NAME = Sapindus;
				PROVISIONING_PROFILE = "";
				VALID_ARCHS = arm64;
			};
			name = Release;
		};
		FDFF062B1B060BE1000064E3 /* Debug */ = {
			isa = XCBuildConfiguration;
			buildSettings = {
				BUNDLE_LOADER = "$(TEST_HOST)";
				FRAMEWORK_SEARCH_PATHS = (
					"$(SDKROOT)/Developer/Library/Frameworks",
					"$(inherited)",
				);
				GCC_PREPROCESSOR_DEFINITIONS = (
					"DEBUG=1",
					"$(inherited)",
				);
				INFOPLIST_FILE = monkcGameTests/Info.plist;
				LD_RUNPATH_SEARCH_PATHS = "$(inherited) @executable_path/Frameworks @loader_path/Frameworks";
				PRODUCT_BUNDLE_IDENTIFIER = "com.oreisoft.$(PRODUCT_NAME:rfc1034identifier)";
				PRODUCT_NAME = Sapindus;
				TEST_HOST = "$(BUILT_PRODUCTS_DIR)/Sapindus.app/Sapindus";
			};
			name = Debug;
		};
		FDFF062C1B060BE1000064E3 /* Release */ = {
			isa = XCBuildConfiguration;
			buildSettings = {
				BUNDLE_LOADER = "$(TEST_HOST)";
				FRAMEWORK_SEARCH_PATHS = (
					"$(SDKROOT)/Developer/Library/Frameworks",
					"$(inherited)",
				);
				INFOPLIST_FILE = monkcGameTests/Info.plist;
				LD_RUNPATH_SEARCH_PATHS = "$(inherited) @executable_path/Frameworks @loader_path/Frameworks";
				PRODUCT_BUNDLE_IDENTIFIER = "com.oreisoft.$(PRODUCT_NAME:rfc1034identifier)";
				PRODUCT_NAME = Sapindus;
				TEST_HOST = "$(BUILT_PRODUCTS_DIR)/Sapindus.app/Sapindus";
			};
			name = Release;
		};
/* End XCBuildConfiguration section */

/* Begin XCConfigurationList section */
		FDFF05FB1B060BE1000064E3 /* Build configuration list for PBXProject "Sapindus" */ = {
			isa = XCConfigurationList;
			buildConfigurations = (
				FDFF06251B060BE1000064E3 /* Debug */,
				FDFF06261B060BE1000064E3 /* Release */,
			);
			defaultConfigurationIsVisible = 0;
			defaultConfigurationName = Release;
		};
		FDFF06271B060BE1000064E3 /* Build configuration list for PBXNativeTarget "Sapindus" */ = {
			isa = XCConfigurationList;
			buildConfigurations = (
				FDFF06281B060BE1000064E3 /* Debug */,
				FDFF06291B060BE1000064E3 /* Release */,
			);
			defaultConfigurationIsVisible = 0;
			defaultConfigurationName = Release;
		};
		FDFF062A1B060BE1000064E3 /* Build configuration list for PBXNativeTarget "SapindusTests" */ = {
			isa = XCConfigurationList;
			buildConfigurations = (
				FDFF062B1B060BE1000064E3 /* Debug */,
				FDFF062C1B060BE1000064E3 /* Release */,
			);
			defaultConfigurationIsVisible = 0;
			defaultConfigurationName = Release;
		};
/* End XCConfigurationList section */
	};
	rootObject = FDFF05F81B060BE1000064E3 /* Project object */;
}
