// !$*UTF8*$!
{
	archiveVersion = 1;
	classes = {
	};
	objectVersion = 46;
	objects = {

/* Begin PBXBuildFile section */
		FD0B16401C78447C004FD724 /* MC3DNode.c in Sources */ = {isa = PBXBuildFile; fileRef = FD0B163E1C78447C004FD724 /* MC3DNode.c */; };
		FD0B16431C784FB7004FD724 /* MC3DScene.c in Sources */ = {isa = PBXBuildFile; fileRef = FD0B16411C784FB7004FD724 /* MC3DScene.c */; };
		FD0B16461C788ADE004FD724 /* MCMesh.c in Sources */ = {isa = PBXBuildFile; fileRef = FD0B16441C788ADE004FD724 /* MCMesh.c */; };
		FD0B16491C788AF2004FD724 /* MCTexture.c in Sources */ = {isa = PBXBuildFile; fileRef = FD0B16471C788AF2004FD724 /* MCTexture.c */; };
		FD0B164C1C789203004FD724 /* MCVertex.c in Sources */ = {isa = PBXBuildFile; fileRef = FD0B164A1C789203004FD724 /* MCVertex.c */; };
		FD1E49AF1C760BED00ADCBD2 /* MCGLRenderer.fsh in Resources */ = {isa = PBXBuildFile; fileRef = FD1E49AD1C760BED00ADCBD2 /* MCGLRenderer.fsh */; };
		FD1E49B01C760BED00ADCBD2 /* MCGLRenderer.vsh in Resources */ = {isa = PBXBuildFile; fileRef = FD1E49AE1C760BED00ADCBD2 /* MCGLRenderer.vsh */; };
		FD43FEA41C394A220043E019 /* MCLightShader.fsh in Resources */ = {isa = PBXBuildFile; fileRef = FD43FEA31C394A220043E019 /* MCLightShader.fsh */; };
		FD43FEA61C394A390043E019 /* MCLightShader.vsh in Resources */ = {isa = PBXBuildFile; fileRef = FD43FEA51C394A390043E019 /* MCLightShader.vsh */; };
		FD43FEAC1C429A2D0043E019 /* Testbed.c in Sources */ = {isa = PBXBuildFile; fileRef = FD43FEAA1C429A2D0043E019 /* Testbed.c */; };
		FD4CC1ED1C917F2D00051C15 /* tex2.bmp in Resources */ = {isa = PBXBuildFile; fileRef = FD4CC1EC1C917F2D00051C15 /* tex2.bmp */; };
		FD4CC1EF1C91B40800051C15 /* tex4.bmp in Resources */ = {isa = PBXBuildFile; fileRef = FD4CC1EE1C91B40800051C15 /* tex4.bmp */; };
		FD4CC1F11C91B40F00051C15 /* tex3.png in Resources */ = {isa = PBXBuildFile; fileRef = FD4CC1F01C91B40F00051C15 /* tex3.png */; };
		FD4CC1F31C91BD8300051C15 /* jongkhurun.png in Resources */ = {isa = PBXBuildFile; fileRef = FD4CC1F21C91BD8300051C15 /* jongkhurun.png */; };
		FD4CC1F51C91C8C200051C15 /* tex5.png in Resources */ = {isa = PBXBuildFile; fileRef = FD4CC1F41C91C8C200051C15 /* tex5.png */; };
		FD4CC1F71C91C9D600051C15 /* tex5.bmp in Resources */ = {isa = PBXBuildFile; fileRef = FD4CC1F61C91C9D600051C15 /* tex5.bmp */; };
		FD4DC4491C01459100A3B9F2 /* MCGLRenderer.c in Sources */ = {isa = PBXBuildFile; fileRef = FD4DC4471C01459100A3B9F2 /* MCGLRenderer.c */; };
		FD4F1F281C2FC89900D17CD9 /* MainLoop.c in Sources */ = {isa = PBXBuildFile; fileRef = FD4F1F261C2FC89900D17CD9 /* MainLoop.c */; };
		FD50E2241C15DE00001CC314 /* MCTextureShader.fsh in Resources */ = {isa = PBXBuildFile; fileRef = FD50E2221C15DE00001CC314 /* MCTextureShader.fsh */; };
		FD50E2251C15DE00001CC314 /* MCTextureShader.vsh in Resources */ = {isa = PBXBuildFile; fileRef = FD50E2231C15DE00001CC314 /* MCTextureShader.vsh */; };
		FD5183571C7CA5EA00A74DDE /* MCGLContext.c in Sources */ = {isa = PBXBuildFile; fileRef = FD5183551C7CA5EA00A74DDE /* MCGLContext.c */; };
		FD51835A1C7CBCF200A74DDE /* MCLight.c in Sources */ = {isa = PBXBuildFile; fileRef = FD5183581C7CBCF200A74DDE /* MCLight.c */; };
		FD51835D1C7CBEAA00A74DDE /* MCMatrial.c in Sources */ = {isa = PBXBuildFile; fileRef = FD51835B1C7CBEAA00A74DDE /* MCMatrial.c */; };
		FD5E18631B08FFE7006CB737 /* MC3DiOSDriver.m in Sources */ = {isa = PBXBuildFile; fileRef = FD5E18611B08FFE7006CB737 /* MC3DiOSDriver.m */; };
		FD5E18781B09C4B0006CB737 /* UILayer.c in Sources */ = {isa = PBXBuildFile; fileRef = FD5E18761B09C4B0006CB737 /* UILayer.c */; };
		FD5E18801B09CE60006CB737 /* MCNode.c in Sources */ = {isa = PBXBuildFile; fileRef = FD5E187B1B09CE60006CB737 /* MCNode.c */; };
		FD5E188B1B09CECB006CB737 /* MC3DMainLoop.c in Sources */ = {isa = PBXBuildFile; fileRef = FD5E18841B09CECB006CB737 /* MC3DMainLoop.c */; };
		FD5E188C1B09CECB006CB737 /* MCCamera.c in Sources */ = {isa = PBXBuildFile; fileRef = FD5E18871B09CECB006CB737 /* MCCamera.c */; };
		FD5E188D1B09CECB006CB737 /* MCCube.c in Sources */ = {isa = PBXBuildFile; fileRef = FD5E18891B09CECB006CB737 /* MCCube.c */; };
		FD5E18901B09DEB6006CB737 /* MCArray.c in Sources */ = {isa = PBXBuildFile; fileRef = FD5E188E1B09DEB6006CB737 /* MCArray.c */; };
		FD5EFD581B0E3D9D00D2492A /* Contents.json in Resources */ = {isa = PBXBuildFile; fileRef = FD5EFD411B0E3D9D00D2492A /* Contents.json */; };
		FD5EFD591B0E3D9D00D2492A /* Icon-40.png in Resources */ = {isa = PBXBuildFile; fileRef = FD5EFD421B0E3D9D00D2492A /* Icon-40.png */; };
		FD5EFD5A1B0E3D9D00D2492A /* Icon-40@2x.png in Resources */ = {isa = PBXBuildFile; fileRef = FD5EFD431B0E3D9D00D2492A /* Icon-40@2x.png */; };
		FD5EFD5B1B0E3D9D00D2492A /* Icon-40@3x.png in Resources */ = {isa = PBXBuildFile; fileRef = FD5EFD441B0E3D9D00D2492A /* Icon-40@3x.png */; };
		FD5EFD5C1B0E3D9D00D2492A /* Icon-60@2x.png in Resources */ = {isa = PBXBuildFile; fileRef = FD5EFD451B0E3D9D00D2492A /* Icon-60@2x.png */; };
		FD5EFD5D1B0E3D9D00D2492A /* Icon-60@3x.png in Resources */ = {isa = PBXBuildFile; fileRef = FD5EFD461B0E3D9D00D2492A /* Icon-60@3x.png */; };
		FD5EFD5E1B0E3D9D00D2492A /* Icon-76.png in Resources */ = {isa = PBXBuildFile; fileRef = FD5EFD471B0E3D9D00D2492A /* Icon-76.png */; };
		FD5EFD5F1B0E3D9D00D2492A /* Icon-76@2x.png in Resources */ = {isa = PBXBuildFile; fileRef = FD5EFD481B0E3D9D00D2492A /* Icon-76@2x.png */; };
		FD5EFD601B0E3D9D00D2492A /* Icon-Small.png in Resources */ = {isa = PBXBuildFile; fileRef = FD5EFD491B0E3D9D00D2492A /* Icon-Small.png */; };
		FD5EFD611B0E3D9D00D2492A /* Icon-Small@2x.png in Resources */ = {isa = PBXBuildFile; fileRef = FD5EFD4A1B0E3D9D00D2492A /* Icon-Small@2x.png */; };
		FD5EFD621B0E3D9D00D2492A /* Icon-Small@3x.png in Resources */ = {isa = PBXBuildFile; fileRef = FD5EFD4B1B0E3D9D00D2492A /* Icon-Small@3x.png */; };
		FD5EFD631B0E3D9D00D2492A /* Icon-60.png in Resources */ = {isa = PBXBuildFile; fileRef = FD5EFD4C1B0E3D9D00D2492A /* Icon-60.png */; };
		FD5EFD641B0E3D9D00D2492A /* Icon-72.png in Resources */ = {isa = PBXBuildFile; fileRef = FD5EFD4D1B0E3D9D00D2492A /* Icon-72.png */; };
		FD5EFD651B0E3D9D00D2492A /* Icon-72@2x.png in Resources */ = {isa = PBXBuildFile; fileRef = FD5EFD4E1B0E3D9D00D2492A /* Icon-72@2x.png */; };
		FD5EFD661B0E3D9D00D2492A /* Icon-Small-50.png in Resources */ = {isa = PBXBuildFile; fileRef = FD5EFD4F1B0E3D9D00D2492A /* Icon-Small-50.png */; };
		FD5EFD671B0E3D9D00D2492A /* Icon-Small-50@2x.png in Resources */ = {isa = PBXBuildFile; fileRef = FD5EFD501B0E3D9D00D2492A /* Icon-Small-50@2x.png */; };
		FD5EFD681B0E3D9D00D2492A /* Icon.png in Resources */ = {isa = PBXBuildFile; fileRef = FD5EFD511B0E3D9D00D2492A /* Icon.png */; };
		FD5EFD691B0E3D9D00D2492A /* Icon@2x.png in Resources */ = {isa = PBXBuildFile; fileRef = FD5EFD521B0E3D9D00D2492A /* Icon@2x.png */; };
		FD5EFD6A1B0E3D9D00D2492A /* iTunesArtwork.png in Resources */ = {isa = PBXBuildFile; fileRef = FD5EFD531B0E3D9D00D2492A /* iTunesArtwork.png */; };
		FD5EFD6B1B0E3D9D00D2492A /* iTunesArtwork@2x.png in Resources */ = {isa = PBXBuildFile; fileRef = FD5EFD541B0E3D9D00D2492A /* iTunesArtwork@2x.png */; };
		FD5EFD6D1B0E3D9D00D2492A /* mcicon.png in Resources */ = {isa = PBXBuildFile; fileRef = FD5EFD571B0E3D9D00D2492A /* mcicon.png */; };
		FD819E5D1C2D4797007D4BE4 /* MCWorld.c in Sources */ = {isa = PBXBuildFile; fileRef = FD819E5B1C2D4797007D4BE4 /* MCWorld.c */; };
		FD819E601C2EE4F0007D4BE4 /* MCGLEngine.c in Sources */ = {isa = PBXBuildFile; fileRef = FD819E5E1C2EE4F0007D4BE4 /* MCGLEngine.c */; };
		FDA3DCDE1C9056BC0044965D /* tex1.jpg in Resources */ = {isa = PBXBuildFile; fileRef = FDA3DCDD1C9056BC0044965D /* tex1.jpg */; };
		FDAE480F1C7DF00E009DEE97 /* image_DXT.c in Sources */ = {isa = PBXBuildFile; fileRef = FDAE48041C7DF00E009DEE97 /* image_DXT.c */; };
		FDAE48101C7DF00E009DEE97 /* image_helper.c in Sources */ = {isa = PBXBuildFile; fileRef = FDAE48061C7DF00E009DEE97 /* image_helper.c */; };
		FDAE48111C7DF00E009DEE97 /* SOIL.c in Sources */ = {isa = PBXBuildFile; fileRef = FDAE48081C7DF00E009DEE97 /* SOIL.c */; };
		FDAE48121C7DF00E009DEE97 /* stb_image_aug.c in Sources */ = {isa = PBXBuildFile; fileRef = FDAE480A1C7DF00E009DEE97 /* stb_image_aug.c */; };
		FDAE48161C7DFEDC009DEE97 /* MCPanel.c in Sources */ = {isa = PBXBuildFile; fileRef = FDAE48141C7DFEDC009DEE97 /* MCPanel.c */; };
		FDAE48181C7E0943009DEE97 /* mcicon.jpg in Resources */ = {isa = PBXBuildFile; fileRef = FDAE48171C7E0943009DEE97 /* mcicon.jpg */; };
		FDBF1A4B1B0DBB9F00A3A0B7 /* MCRuntimeAsmIOS.S in Sources */ = {isa = PBXBuildFile; fileRef = FDBF1A4A1B0DBB9F00A3A0B7 /* MCRuntimeAsmIOS.S */; };
		FDCB46AF1B11E3C300403320 /* MCOrbit.c in Sources */ = {isa = PBXBuildFile; fileRef = FDCB46AD1B11E3C300403320 /* MCOrbit.c */; };
		FDFF06061B060BE1000064E3 /* main.m in Sources */ = {isa = PBXBuildFile; fileRef = FDFF06051B060BE1000064E3 /* main.m */; };
		FDFF06091B060BE1000064E3 /* AppDelegate.m in Sources */ = {isa = PBXBuildFile; fileRef = FDFF06081B060BE1000064E3 /* AppDelegate.m */; };
		FDFF06101B060BE1000064E3 /* GameViewController.m in Sources */ = {isa = PBXBuildFile; fileRef = FDFF060F1B060BE1000064E3 /* GameViewController.m */; };
		FDFF06131B060BE1000064E3 /* Main.storyboard in Resources */ = {isa = PBXBuildFile; fileRef = FDFF06111B060BE1000064E3 /* Main.storyboard */; };
		FDFF06181B060BE1000064E3 /* LaunchScreen.xib in Resources */ = {isa = PBXBuildFile; fileRef = FDFF06161B060BE1000064E3 /* LaunchScreen.xib */; };
		FDFF06241B060BE1000064E3 /* monkcGameTests.m in Sources */ = {isa = PBXBuildFile; fileRef = FDFF06231B060BE1000064E3 /* monkcGameTests.m */; };
		FDFF06451B06314C000064E3 /* HashTable.c in Sources */ = {isa = PBXBuildFile; fileRef = FDFF063A1B06314C000064E3 /* HashTable.c */; };
		FDFF06471B06314C000064E3 /* Lock.c in Sources */ = {isa = PBXBuildFile; fileRef = FDFF063C1B06314C000064E3 /* Lock.c */; };
		FDFF06481B06314C000064E3 /* Log.c in Sources */ = {isa = PBXBuildFile; fileRef = FDFF063D1B06314C000064E3 /* Log.c */; };
		FDFF064C1B06314C000064E3 /* Messaging.c in Sources */ = {isa = PBXBuildFile; fileRef = FDFF06411B06314C000064E3 /* Messaging.c */; };
		FDFF064D1B06314C000064E3 /* monkc.c in Sources */ = {isa = PBXBuildFile; fileRef = FDFF06421B06314C000064E3 /* monkc.c */; };
		FDFF064E1B06314C000064E3 /* ObjectManage.c in Sources */ = {isa = PBXBuildFile; fileRef = FDFF06441B06314C000064E3 /* ObjectManage.c */; };
		FDFF06671B06315B000064E3 /* MCBuffer.c in Sources */ = {isa = PBXBuildFile; fileRef = FDFF06511B06315B000064E3 /* MCBuffer.c */; };
		FDFF06681B06315B000064E3 /* MCClock.c in Sources */ = {isa = PBXBuildFile; fileRef = FDFF06531B06315B000064E3 /* MCClock.c */; };
		FDFF06691B06315B000064E3 /* MCContext.c in Sources */ = {isa = PBXBuildFile; fileRef = FDFF06551B06315B000064E3 /* MCContext.c */; };
		FDFF066A1B06315B000064E3 /* MCException.c in Sources */ = {isa = PBXBuildFile; fileRef = FDFF06571B06315B000064E3 /* MCException.c */; };
		FDFF066B1B06315B000064E3 /* MCIO.c in Sources */ = {isa = PBXBuildFile; fileRef = FDFF06591B06315B000064E3 /* MCIO.c */; };
		FDFF066C1B06315B000064E3 /* MCMath.c in Sources */ = {isa = PBXBuildFile; fileRef = FDFF065B1B06315B000064E3 /* MCMath.c */; };
		FDFF066D1B06315B000064E3 /* MCProcess.c in Sources */ = {isa = PBXBuildFile; fileRef = FDFF065D1B06315B000064E3 /* MCProcess.c */; };
		FDFF066E1B06315B000064E3 /* MCSocket.c in Sources */ = {isa = PBXBuildFile; fileRef = FDFF065F1B06315B000064E3 /* MCSocket.c */; };
		FDFF066F1B06315B000064E3 /* MCString.c in Sources */ = {isa = PBXBuildFile; fileRef = FDFF06611B06315B000064E3 /* MCString.c */; };
		FDFF06701B06315B000064E3 /* MCThread.c in Sources */ = {isa = PBXBuildFile; fileRef = FDFF06631B06315B000064E3 /* MCThread.c */; };
		FDFF06711B06315B000064E3 /* MCUnitTest.c in Sources */ = {isa = PBXBuildFile; fileRef = FDFF06651B06315B000064E3 /* MCUnitTest.c */; };
/* End PBXBuildFile section */

/* Begin PBXContainerItemProxy section */
		FDFF061E1B060BE1000064E3 /* PBXContainerItemProxy */ = {
			isa = PBXContainerItemProxy;
			containerPortal = FDFF05F81B060BE1000064E3 /* Project object */;
			proxyType = 1;
			remoteGlobalIDString = FDFF05FF1B060BE1000064E3;
			remoteInfo = monkcGame;
		};
/* End PBXContainerItemProxy section */

/* Begin PBXFileReference section */
		FD0B163E1C78447C004FD724 /* MC3DNode.c */ = {isa = PBXFileReference; fileEncoding = 4; lastKnownFileType = sourcecode.c.c; path = MC3DNode.c; sourceTree = "<group>"; };
		FD0B163F1C78447C004FD724 /* MC3DNode.h */ = {isa = PBXFileReference; fileEncoding = 4; lastKnownFileType = sourcecode.c.h; path = MC3DNode.h; sourceTree = "<group>"; };
		FD0B16411C784FB7004FD724 /* MC3DScene.c */ = {isa = PBXFileReference; fileEncoding = 4; lastKnownFileType = sourcecode.c.c; path = MC3DScene.c; sourceTree = "<group>"; };
		FD0B16421C784FB7004FD724 /* MC3DScene.h */ = {isa = PBXFileReference; fileEncoding = 4; lastKnownFileType = sourcecode.c.h; path = MC3DScene.h; sourceTree = "<group>"; };
		FD0B16441C788ADE004FD724 /* MCMesh.c */ = {isa = PBXFileReference; fileEncoding = 4; lastKnownFileType = sourcecode.c.c; path = MCMesh.c; sourceTree = "<group>"; };
		FD0B16451C788ADE004FD724 /* MCMesh.h */ = {isa = PBXFileReference; fileEncoding = 4; lastKnownFileType = sourcecode.c.h; path = MCMesh.h; sourceTree = "<group>"; };
		FD0B16471C788AF2004FD724 /* MCTexture.c */ = {isa = PBXFileReference; fileEncoding = 4; lastKnownFileType = sourcecode.c.c; path = MCTexture.c; sourceTree = "<group>"; };
		FD0B16481C788AF2004FD724 /* MCTexture.h */ = {isa = PBXFileReference; fileEncoding = 4; lastKnownFileType = sourcecode.c.h; path = MCTexture.h; sourceTree = "<group>"; };
		FD0B164A1C789203004FD724 /* MCVertex.c */ = {isa = PBXFileReference; fileEncoding = 4; lastKnownFileType = sourcecode.c.c; path = MCVertex.c; sourceTree = "<group>"; };
		FD0B164B1C789203004FD724 /* MCVertex.h */ = {isa = PBXFileReference; fileEncoding = 4; lastKnownFileType = sourcecode.c.h; path = MCVertex.h; sourceTree = "<group>"; };
		FD1E49AD1C760BED00ADCBD2 /* MCGLRenderer.fsh */ = {isa = PBXFileReference; fileEncoding = 4; lastKnownFileType = sourcecode.glsl; path = MCGLRenderer.fsh; sourceTree = "<group>"; };
		FD1E49AE1C760BED00ADCBD2 /* MCGLRenderer.vsh */ = {isa = PBXFileReference; fileEncoding = 4; lastKnownFileType = sourcecode.glsl; path = MCGLRenderer.vsh; sourceTree = "<group>"; };
		FD43FEA31C394A220043E019 /* MCLightShader.fsh */ = {isa = PBXFileReference; fileEncoding = 4; lastKnownFileType = sourcecode.glsl; path = MCLightShader.fsh; sourceTree = "<group>"; };
		FD43FEA51C394A390043E019 /* MCLightShader.vsh */ = {isa = PBXFileReference; fileEncoding = 4; lastKnownFileType = sourcecode.glsl; path = MCLightShader.vsh; sourceTree = "<group>"; };
		FD43FEAA1C429A2D0043E019 /* Testbed.c */ = {isa = PBXFileReference; fileEncoding = 4; lastKnownFileType = sourcecode.c.c; path = Testbed.c; sourceTree = "<group>"; };
		FD43FEAB1C429A2D0043E019 /* Testbed.h */ = {isa = PBXFileReference; fileEncoding = 4; lastKnownFileType = sourcecode.c.h; path = Testbed.h; sourceTree = "<group>"; };
		FD4CC1EC1C917F2D00051C15 /* tex2.bmp */ = {isa = PBXFileReference; lastKnownFileType = image.bmp; path = tex2.bmp; sourceTree = "<group>"; };
		FD4CC1EE1C91B40800051C15 /* tex4.bmp */ = {isa = PBXFileReference; lastKnownFileType = image.bmp; path = tex4.bmp; sourceTree = "<group>"; };
		FD4CC1F01C91B40F00051C15 /* tex3.png */ = {isa = PBXFileReference; lastKnownFileType = image.png; path = tex3.png; sourceTree = "<group>"; };
		FD4CC1F21C91BD8300051C15 /* jongkhurun.png */ = {isa = PBXFileReference; lastKnownFileType = image.png; path = jongkhurun.png; sourceTree = "<group>"; };
		FD4CC1F41C91C8C200051C15 /* tex5.png */ = {isa = PBXFileReference; lastKnownFileType = image.png; path = tex5.png; sourceTree = "<group>"; };
		FD4CC1F61C91C9D600051C15 /* tex5.bmp */ = {isa = PBXFileReference; lastKnownFileType = image.bmp; path = tex5.bmp; sourceTree = "<group>"; };
		FD4DC4471C01459100A3B9F2 /* MCGLRenderer.c */ = {isa = PBXFileReference; fileEncoding = 4; lastKnownFileType = sourcecode.c.c; path = MCGLRenderer.c; sourceTree = "<group>"; };
		FD4DC4481C01459100A3B9F2 /* MCGLRenderer.h */ = {isa = PBXFileReference; fileEncoding = 4; lastKnownFileType = sourcecode.c.h; path = MCGLRenderer.h; sourceTree = "<group>"; };
		FD4F1F261C2FC89900D17CD9 /* MainLoop.c */ = {isa = PBXFileReference; fileEncoding = 4; lastKnownFileType = sourcecode.c.c; path = MainLoop.c; sourceTree = "<group>"; };
		FD4F1F271C2FC89900D17CD9 /* MainLoop.h */ = {isa = PBXFileReference; fileEncoding = 4; lastKnownFileType = sourcecode.c.h; path = MainLoop.h; sourceTree = "<group>"; };
		FD50E2221C15DE00001CC314 /* MCTextureShader.fsh */ = {isa = PBXFileReference; fileEncoding = 4; lastKnownFileType = sourcecode.glsl; path = MCTextureShader.fsh; sourceTree = "<group>"; };
		FD50E2231C15DE00001CC314 /* MCTextureShader.vsh */ = {isa = PBXFileReference; fileEncoding = 4; lastKnownFileType = sourcecode.glsl; path = MCTextureShader.vsh; sourceTree = "<group>"; };
		FD5183551C7CA5EA00A74DDE /* MCGLContext.c */ = {isa = PBXFileReference; fileEncoding = 4; lastKnownFileType = sourcecode.c.c; path = MCGLContext.c; sourceTree = "<group>"; };
		FD5183561C7CA5EA00A74DDE /* MCGLContext.h */ = {isa = PBXFileReference; fileEncoding = 4; lastKnownFileType = sourcecode.c.h; path = MCGLContext.h; sourceTree = "<group>"; };
		FD5183581C7CBCF200A74DDE /* MCLight.c */ = {isa = PBXFileReference; fileEncoding = 4; lastKnownFileType = sourcecode.c.c; path = MCLight.c; sourceTree = "<group>"; };
		FD5183591C7CBCF200A74DDE /* MCLight.h */ = {isa = PBXFileReference; fileEncoding = 4; lastKnownFileType = sourcecode.c.h; path = MCLight.h; sourceTree = "<group>"; };
		FD51835B1C7CBEAA00A74DDE /* MCMatrial.c */ = {isa = PBXFileReference; fileEncoding = 4; lastKnownFileType = sourcecode.c.c; path = MCMatrial.c; sourceTree = "<group>"; };
		FD51835C1C7CBEAA00A74DDE /* MCMatrial.h */ = {isa = PBXFileReference; fileEncoding = 4; lastKnownFileType = sourcecode.c.h; path = MCMatrial.h; sourceTree = "<group>"; };
		FD5E18611B08FFE7006CB737 /* MC3DiOSDriver.m */ = {isa = PBXFileReference; fileEncoding = 4; lastKnownFileType = sourcecode.c.objc; path = MC3DiOSDriver.m; sourceTree = "<group>"; };
		FD5E18621B08FFE7006CB737 /* MC3DiOSDriver.h */ = {isa = PBXFileReference; fileEncoding = 4; lastKnownFileType = sourcecode.c.h; path = MC3DiOSDriver.h; sourceTree = "<group>"; };
		FD5E18761B09C4B0006CB737 /* UILayer.c */ = {isa = PBXFileReference; fileEncoding = 4; lastKnownFileType = sourcecode.c.c; path = UILayer.c; sourceTree = "<group>"; };
		FD5E18771B09C4B0006CB737 /* UILayer.h */ = {isa = PBXFileReference; fileEncoding = 4; lastKnownFileType = sourcecode.c.h; path = UILayer.h; sourceTree = "<group>"; };
		FD5E187A1B09CE60006CB737 /* MCAccessbleProtocol.h */ = {isa = PBXFileReference; fileEncoding = 4; lastKnownFileType = sourcecode.c.h; path = MCAccessbleProtocol.h; sourceTree = "<group>"; };
		FD5E187B1B09CE60006CB737 /* MCNode.c */ = {isa = PBXFileReference; fileEncoding = 4; lastKnownFileType = sourcecode.c.c; path = MCNode.c; sourceTree = "<group>"; };
		FD5E187C1B09CE60006CB737 /* MCNode.h */ = {isa = PBXFileReference; fileEncoding = 4; lastKnownFileType = sourcecode.c.h; path = MCNode.h; sourceTree = "<group>"; };
		FD5E187D1B09CE60006CB737 /* MCTouchbleProtocol.h */ = {isa = PBXFileReference; fileEncoding = 4; lastKnownFileType = sourcecode.c.h; path = MCTouchbleProtocol.h; sourceTree = "<group>"; };
		FD5E187F1B09CE60006CB737 /* MCUIBase.h */ = {isa = PBXFileReference; fileEncoding = 4; lastKnownFileType = sourcecode.c.h; path = MCUIBase.h; sourceTree = "<group>"; };
		FD5E18831B09CECB006CB737 /* MC3DBase.h */ = {isa = PBXFileReference; fileEncoding = 4; lastKnownFileType = sourcecode.c.h; path = MC3DBase.h; sourceTree = "<group>"; };
		FD5E18841B09CECB006CB737 /* MC3DMainLoop.c */ = {isa = PBXFileReference; fileEncoding = 4; lastKnownFileType = sourcecode.c.c; path = MC3DMainLoop.c; sourceTree = "<group>"; };
		FD5E18851B09CECB006CB737 /* MC3DShapeBase.h */ = {isa = PBXFileReference; fileEncoding = 4; lastKnownFileType = sourcecode.c.h; path = MC3DShapeBase.h; sourceTree = "<group>"; };
		FD5E18861B09CECB006CB737 /* MC3DType.h */ = {isa = PBXFileReference; fileEncoding = 4; lastKnownFileType = sourcecode.c.h; path = MC3DType.h; sourceTree = "<group>"; };
		FD5E18871B09CECB006CB737 /* MCCamera.c */ = {isa = PBXFileReference; fileEncoding = 4; lastKnownFileType = sourcecode.c.c; path = MCCamera.c; sourceTree = "<group>"; };
		FD5E18881B09CECB006CB737 /* MCCamera.h */ = {isa = PBXFileReference; fileEncoding = 4; lastKnownFileType = sourcecode.c.h; path = MCCamera.h; sourceTree = "<group>"; };
		FD5E18891B09CECB006CB737 /* MCCube.c */ = {isa = PBXFileReference; fileEncoding = 4; lastKnownFileType = sourcecode.c.c; path = MCCube.c; sourceTree = "<group>"; };
		FD5E188A1B09CECB006CB737 /* MCCube.h */ = {isa = PBXFileReference; fileEncoding = 4; lastKnownFileType = sourcecode.c.h; path = MCCube.h; sourceTree = "<group>"; };
		FD5E188E1B09DEB6006CB737 /* MCArray.c */ = {isa = PBXFileReference; fileEncoding = 4; lastKnownFileType = sourcecode.c.c; path = MCArray.c; sourceTree = "<group>"; };
		FD5E188F1B09DEB6006CB737 /* MCArray.h */ = {isa = PBXFileReference; fileEncoding = 4; lastKnownFileType = sourcecode.c.h; path = MCArray.h; sourceTree = "<group>"; };
		FD5EFD411B0E3D9D00D2492A /* Contents.json */ = {isa = PBXFileReference; fileEncoding = 4; lastKnownFileType = text.json; path = Contents.json; sourceTree = "<group>"; };
		FD5EFD421B0E3D9D00D2492A /* Icon-40.png */ = {isa = PBXFileReference; lastKnownFileType = image.png; path = "Icon-40.png"; sourceTree = "<group>"; };
		FD5EFD431B0E3D9D00D2492A /* Icon-40@2x.png */ = {isa = PBXFileReference; lastKnownFileType = image.png; path = "Icon-40@2x.png"; sourceTree = "<group>"; };
		FD5EFD441B0E3D9D00D2492A /* Icon-40@3x.png */ = {isa = PBXFileReference; lastKnownFileType = image.png; path = "Icon-40@3x.png"; sourceTree = "<group>"; };
		FD5EFD451B0E3D9D00D2492A /* Icon-60@2x.png */ = {isa = PBXFileReference; lastKnownFileType = image.png; path = "Icon-60@2x.png"; sourceTree = "<group>"; };
		FD5EFD461B0E3D9D00D2492A /* Icon-60@3x.png */ = {isa = PBXFileReference; lastKnownFileType = image.png; path = "Icon-60@3x.png"; sourceTree = "<group>"; };
		FD5EFD471B0E3D9D00D2492A /* Icon-76.png */ = {isa = PBXFileReference; lastKnownFileType = image.png; path = "Icon-76.png"; sourceTree = "<group>"; };
		FD5EFD481B0E3D9D00D2492A /* Icon-76@2x.png */ = {isa = PBXFileReference; lastKnownFileType = image.png; path = "Icon-76@2x.png"; sourceTree = "<group>"; };
		FD5EFD491B0E3D9D00D2492A /* Icon-Small.png */ = {isa = PBXFileReference; lastKnownFileType = image.png; path = "Icon-Small.png"; sourceTree = "<group>"; };
		FD5EFD4A1B0E3D9D00D2492A /* Icon-Small@2x.png */ = {isa = PBXFileReference; lastKnownFileType = image.png; path = "Icon-Small@2x.png"; sourceTree = "<group>"; };
		FD5EFD4B1B0E3D9D00D2492A /* Icon-Small@3x.png */ = {isa = PBXFileReference; lastKnownFileType = image.png; path = "Icon-Small@3x.png"; sourceTree = "<group>"; };
		FD5EFD4C1B0E3D9D00D2492A /* Icon-60.png */ = {isa = PBXFileReference; lastKnownFileType = image.png; path = "Icon-60.png"; sourceTree = "<group>"; };
		FD5EFD4D1B0E3D9D00D2492A /* Icon-72.png */ = {isa = PBXFileReference; lastKnownFileType = image.png; path = "Icon-72.png"; sourceTree = "<group>"; };
		FD5EFD4E1B0E3D9D00D2492A /* Icon-72@2x.png */ = {isa = PBXFileReference; lastKnownFileType = image.png; path = "Icon-72@2x.png"; sourceTree = "<group>"; };
		FD5EFD4F1B0E3D9D00D2492A /* Icon-Small-50.png */ = {isa = PBXFileReference; lastKnownFileType = image.png; path = "Icon-Small-50.png"; sourceTree = "<group>"; };
		FD5EFD501B0E3D9D00D2492A /* Icon-Small-50@2x.png */ = {isa = PBXFileReference; lastKnownFileType = image.png; path = "Icon-Small-50@2x.png"; sourceTree = "<group>"; };
		FD5EFD511B0E3D9D00D2492A /* Icon.png */ = {isa = PBXFileReference; lastKnownFileType = image.png; path = Icon.png; sourceTree = "<group>"; };
		FD5EFD521B0E3D9D00D2492A /* Icon@2x.png */ = {isa = PBXFileReference; lastKnownFileType = image.png; path = "Icon@2x.png"; sourceTree = "<group>"; };
		FD5EFD531B0E3D9D00D2492A /* iTunesArtwork.png */ = {isa = PBXFileReference; lastKnownFileType = image.png; path = iTunesArtwork.png; sourceTree = "<group>"; };
		FD5EFD541B0E3D9D00D2492A /* iTunesArtwork@2x.png */ = {isa = PBXFileReference; lastKnownFileType = image.png; path = "iTunesArtwork@2x.png"; sourceTree = "<group>"; };
		FD5EFD571B0E3D9D00D2492A /* mcicon.png */ = {isa = PBXFileReference; lastKnownFileType = image.png; path = mcicon.png; sourceTree = "<group>"; };
		FD819E5B1C2D4797007D4BE4 /* MCWorld.c */ = {isa = PBXFileReference; fileEncoding = 4; lastKnownFileType = sourcecode.c.c; path = MCWorld.c; sourceTree = "<group>"; };
		FD819E5C1C2D4797007D4BE4 /* MCWorld.h */ = {isa = PBXFileReference; fileEncoding = 4; lastKnownFileType = sourcecode.c.h; path = MCWorld.h; sourceTree = "<group>"; };
		FD819E5E1C2EE4F0007D4BE4 /* MCGLEngine.c */ = {isa = PBXFileReference; fileEncoding = 4; lastKnownFileType = sourcecode.c.c; path = MCGLEngine.c; sourceTree = "<group>"; };
		FD819E5F1C2EE4F0007D4BE4 /* MCGLEngine.h */ = {isa = PBXFileReference; fileEncoding = 4; lastKnownFileType = sourcecode.c.h; path = MCGLEngine.h; sourceTree = "<group>"; };
		FDA3DCDD1C9056BC0044965D /* tex1.jpg */ = {isa = PBXFileReference; lastKnownFileType = image.jpeg; path = tex1.jpg; sourceTree = "<group>"; };
		FDAE48041C7DF00E009DEE97 /* image_DXT.c */ = {isa = PBXFileReference; fileEncoding = 4; lastKnownFileType = sourcecode.c.c; path = image_DXT.c; sourceTree = "<group>"; };
		FDAE48051C7DF00E009DEE97 /* image_DXT.h */ = {isa = PBXFileReference; fileEncoding = 4; lastKnownFileType = sourcecode.c.h; path = image_DXT.h; sourceTree = "<group>"; };
		FDAE48061C7DF00E009DEE97 /* image_helper.c */ = {isa = PBXFileReference; fileEncoding = 4; lastKnownFileType = sourcecode.c.c; path = image_helper.c; sourceTree = "<group>"; };
		FDAE48071C7DF00E009DEE97 /* image_helper.h */ = {isa = PBXFileReference; fileEncoding = 4; lastKnownFileType = sourcecode.c.h; path = image_helper.h; sourceTree = "<group>"; };
		FDAE48081C7DF00E009DEE97 /* SOIL.c */ = {isa = PBXFileReference; fileEncoding = 4; lastKnownFileType = sourcecode.c.c; path = SOIL.c; sourceTree = "<group>"; };
		FDAE48091C7DF00E009DEE97 /* SOIL.h */ = {isa = PBXFileReference; fileEncoding = 4; lastKnownFileType = sourcecode.c.h; path = SOIL.h; sourceTree = "<group>"; };
		FDAE480A1C7DF00E009DEE97 /* stb_image_aug.c */ = {isa = PBXFileReference; fileEncoding = 4; lastKnownFileType = sourcecode.c.c; path = stb_image_aug.c; sourceTree = "<group>"; };
		FDAE480B1C7DF00E009DEE97 /* stb_image_aug.h */ = {isa = PBXFileReference; fileEncoding = 4; lastKnownFileType = sourcecode.c.h; path = stb_image_aug.h; sourceTree = "<group>"; };
		FDAE480C1C7DF00E009DEE97 /* stbi_DDS_aug.h */ = {isa = PBXFileReference; fileEncoding = 4; lastKnownFileType = sourcecode.c.h; path = stbi_DDS_aug.h; sourceTree = "<group>"; };
		FDAE480D1C7DF00E009DEE97 /* stbi_DDS_aug_c.h */ = {isa = PBXFileReference; fileEncoding = 4; lastKnownFileType = sourcecode.c.h; path = stbi_DDS_aug_c.h; sourceTree = "<group>"; };
		FDAE48141C7DFEDC009DEE97 /* MCPanel.c */ = {isa = PBXFileReference; fileEncoding = 4; lastKnownFileType = sourcecode.c.c; path = MCPanel.c; sourceTree = "<group>"; };
		FDAE48151C7DFEDC009DEE97 /* MCPanel.h */ = {isa = PBXFileReference; fileEncoding = 4; lastKnownFileType = sourcecode.c.h; path = MCPanel.h; sourceTree = "<group>"; };
		FDAE48171C7E0943009DEE97 /* mcicon.jpg */ = {isa = PBXFileReference; lastKnownFileType = image.jpeg; path = mcicon.jpg; sourceTree = "<group>"; };
		FDBF1A4A1B0DBB9F00A3A0B7 /* MCRuntimeAsmIOS.S */ = {isa = PBXFileReference; fileEncoding = 4; lastKnownFileType = sourcecode.asm; path = MCRuntimeAsmIOS.S; sourceTree = "<group>"; };
		FDCB46AD1B11E3C300403320 /* MCOrbit.c */ = {isa = PBXFileReference; fileEncoding = 4; lastKnownFileType = sourcecode.c.c; path = MCOrbit.c; sourceTree = "<group>"; };
		FDCB46AE1B11E3C300403320 /* MCOrbit.h */ = {isa = PBXFileReference; fileEncoding = 4; lastKnownFileType = sourcecode.c.h; path = MCOrbit.h; sourceTree = "<group>"; };
		FDFF06001B060BE1000064E3 /* monkcGame.app */ = {isa = PBXFileReference; explicitFileType = wrapper.application; includeInIndex = 0; path = monkcGame.app; sourceTree = BUILT_PRODUCTS_DIR; };
		FDFF06041B060BE1000064E3 /* Info.plist */ = {isa = PBXFileReference; lastKnownFileType = text.plist.xml; path = Info.plist; sourceTree = "<group>"; };
		FDFF06051B060BE1000064E3 /* main.m */ = {isa = PBXFileReference; lastKnownFileType = sourcecode.c.objc; path = main.m; sourceTree = "<group>"; };
		FDFF06071B060BE1000064E3 /* AppDelegate.h */ = {isa = PBXFileReference; lastKnownFileType = sourcecode.c.h; path = AppDelegate.h; sourceTree = "<group>"; };
		FDFF06081B060BE1000064E3 /* AppDelegate.m */ = {isa = PBXFileReference; lastKnownFileType = sourcecode.c.objc; path = AppDelegate.m; sourceTree = "<group>"; };
		FDFF060E1B060BE1000064E3 /* GameViewController.h */ = {isa = PBXFileReference; lastKnownFileType = sourcecode.c.h; path = GameViewController.h; sourceTree = "<group>"; };
		FDFF060F1B060BE1000064E3 /* GameViewController.m */ = {isa = PBXFileReference; lastKnownFileType = sourcecode.c.objc; path = GameViewController.m; sourceTree = "<group>"; };
		FDFF06121B060BE1000064E3 /* Base */ = {isa = PBXFileReference; lastKnownFileType = file.storyboard; name = Base; path = Base.lproj/Main.storyboard; sourceTree = "<group>"; };
		FDFF06171B060BE1000064E3 /* Base */ = {isa = PBXFileReference; lastKnownFileType = file.xib; name = Base; path = Base.lproj/LaunchScreen.xib; sourceTree = "<group>"; };
		FDFF061D1B060BE1000064E3 /* monkcGameTests.xctest */ = {isa = PBXFileReference; explicitFileType = wrapper.cfbundle; includeInIndex = 0; path = monkcGameTests.xctest; sourceTree = BUILT_PRODUCTS_DIR; };
		FDFF06221B060BE1000064E3 /* Info.plist */ = {isa = PBXFileReference; lastKnownFileType = text.plist.xml; path = Info.plist; sourceTree = "<group>"; };
		FDFF06231B060BE1000064E3 /* monkcGameTests.m */ = {isa = PBXFileReference; lastKnownFileType = sourcecode.c.objc; path = monkcGameTests.m; sourceTree = "<group>"; };
		FDFF063A1B06314C000064E3 /* HashTable.c */ = {isa = PBXFileReference; fileEncoding = 4; lastKnownFileType = sourcecode.c.c; path = HashTable.c; sourceTree = "<group>"; };
		FDFF063C1B06314C000064E3 /* Lock.c */ = {isa = PBXFileReference; fileEncoding = 4; lastKnownFileType = sourcecode.c.c; path = Lock.c; sourceTree = "<group>"; };
		FDFF063D1B06314C000064E3 /* Log.c */ = {isa = PBXFileReference; fileEncoding = 4; lastKnownFileType = sourcecode.c.c; path = Log.c; sourceTree = "<group>"; };
		FDFF06411B06314C000064E3 /* Messaging.c */ = {isa = PBXFileReference; fileEncoding = 4; lastKnownFileType = sourcecode.c.c; path = Messaging.c; sourceTree = "<group>"; };
		FDFF06421B06314C000064E3 /* monkc.c */ = {isa = PBXFileReference; fileEncoding = 4; lastKnownFileType = sourcecode.c.c; path = monkc.c; sourceTree = "<group>"; };
		FDFF06431B06314C000064E3 /* monkc.h */ = {isa = PBXFileReference; fileEncoding = 4; lastKnownFileType = sourcecode.c.h; path = monkc.h; sourceTree = "<group>"; };
		FDFF06441B06314C000064E3 /* ObjectManage.c */ = {isa = PBXFileReference; fileEncoding = 4; lastKnownFileType = sourcecode.c.c; path = ObjectManage.c; sourceTree = "<group>"; };
		FDFF06511B06315B000064E3 /* MCBuffer.c */ = {isa = PBXFileReference; fileEncoding = 4; lastKnownFileType = sourcecode.c.c; path = MCBuffer.c; sourceTree = "<group>"; };
		FDFF06521B06315B000064E3 /* MCBuffer.h */ = {isa = PBXFileReference; fileEncoding = 4; lastKnownFileType = sourcecode.c.h; path = MCBuffer.h; sourceTree = "<group>"; };
		FDFF06531B06315B000064E3 /* MCClock.c */ = {isa = PBXFileReference; fileEncoding = 4; lastKnownFileType = sourcecode.c.c; path = MCClock.c; sourceTree = "<group>"; };
		FDFF06541B06315B000064E3 /* MCClock.h */ = {isa = PBXFileReference; fileEncoding = 4; lastKnownFileType = sourcecode.c.h; path = MCClock.h; sourceTree = "<group>"; };
		FDFF06551B06315B000064E3 /* MCContext.c */ = {isa = PBXFileReference; fileEncoding = 4; lastKnownFileType = sourcecode.c.c; path = MCContext.c; sourceTree = "<group>"; };
		FDFF06561B06315B000064E3 /* MCContext.h */ = {isa = PBXFileReference; fileEncoding = 4; lastKnownFileType = sourcecode.c.h; path = MCContext.h; sourceTree = "<group>"; };
		FDFF06571B06315B000064E3 /* MCException.c */ = {isa = PBXFileReference; fileEncoding = 4; lastKnownFileType = sourcecode.c.c; path = MCException.c; sourceTree = "<group>"; };
		FDFF06581B06315B000064E3 /* MCException.h */ = {isa = PBXFileReference; fileEncoding = 4; lastKnownFileType = sourcecode.c.h; path = MCException.h; sourceTree = "<group>"; };
		FDFF06591B06315B000064E3 /* MCIO.c */ = {isa = PBXFileReference; fileEncoding = 4; lastKnownFileType = sourcecode.c.c; path = MCIO.c; sourceTree = "<group>"; };
		FDFF065A1B06315B000064E3 /* MCIO.h */ = {isa = PBXFileReference; fileEncoding = 4; lastKnownFileType = sourcecode.c.h; path = MCIO.h; sourceTree = "<group>"; };
		FDFF065B1B06315B000064E3 /* MCMath.c */ = {isa = PBXFileReference; fileEncoding = 4; lastKnownFileType = sourcecode.c.c; path = MCMath.c; sourceTree = "<group>"; };
		FDFF065C1B06315B000064E3 /* MCMath.h */ = {isa = PBXFileReference; fileEncoding = 4; lastKnownFileType = sourcecode.c.h; path = MCMath.h; sourceTree = "<group>"; };
		FDFF065D1B06315B000064E3 /* MCProcess.c */ = {isa = PBXFileReference; fileEncoding = 4; lastKnownFileType = sourcecode.c.c; path = MCProcess.c; sourceTree = "<group>"; };
		FDFF065E1B06315B000064E3 /* MCProcess.h */ = {isa = PBXFileReference; fileEncoding = 4; lastKnownFileType = sourcecode.c.h; path = MCProcess.h; sourceTree = "<group>"; };
		FDFF065F1B06315B000064E3 /* MCSocket.c */ = {isa = PBXFileReference; fileEncoding = 4; lastKnownFileType = sourcecode.c.c; path = MCSocket.c; sourceTree = "<group>"; };
		FDFF06601B06315B000064E3 /* MCSocket.h */ = {isa = PBXFileReference; fileEncoding = 4; lastKnownFileType = sourcecode.c.h; path = MCSocket.h; sourceTree = "<group>"; };
		FDFF06611B06315B000064E3 /* MCString.c */ = {isa = PBXFileReference; fileEncoding = 4; lastKnownFileType = sourcecode.c.c; path = MCString.c; sourceTree = "<group>"; };
		FDFF06621B06315B000064E3 /* MCString.h */ = {isa = PBXFileReference; fileEncoding = 4; lastKnownFileType = sourcecode.c.h; path = MCString.h; sourceTree = "<group>"; };
		FDFF06631B06315B000064E3 /* MCThread.c */ = {isa = PBXFileReference; fileEncoding = 4; lastKnownFileType = sourcecode.c.c; path = MCThread.c; sourceTree = "<group>"; };
		FDFF06641B06315B000064E3 /* MCThread.h */ = {isa = PBXFileReference; fileEncoding = 4; lastKnownFileType = sourcecode.c.h; path = MCThread.h; sourceTree = "<group>"; };
		FDFF06651B06315B000064E3 /* MCUnitTest.c */ = {isa = PBXFileReference; fileEncoding = 4; lastKnownFileType = sourcecode.c.c; path = MCUnitTest.c; sourceTree = "<group>"; };
		FDFF06661B06315B000064E3 /* MCUnitTest.h */ = {isa = PBXFileReference; fileEncoding = 4; lastKnownFileType = sourcecode.c.h; path = MCUnitTest.h; sourceTree = "<group>"; };
/* End PBXFileReference section */

/* Begin PBXFrameworksBuildPhase section */
		FDFF05FD1B060BE1000064E3 /* Frameworks */ = {
			isa = PBXFrameworksBuildPhase;
			buildActionMask = 2147483647;
			files = (
			);
			runOnlyForDeploymentPostprocessing = 0;
		};
		FDFF061A1B060BE1000064E3 /* Frameworks */ = {
			isa = PBXFrameworksBuildPhase;
			buildActionMask = 2147483647;
			files = (
			);
			runOnlyForDeploymentPostprocessing = 0;
		};
/* End PBXFrameworksBuildPhase section */

/* Begin PBXGroup section */
		FD50E2211C15DE00001CC314 /* shaders */ = {
			isa = PBXGroup;
			children = (
				FD50E2221C15DE00001CC314 /* MCTextureShader.fsh */,
				FD50E2231C15DE00001CC314 /* MCTextureShader.vsh */,
				FD43FEA31C394A220043E019 /* MCLightShader.fsh */,
				FD43FEA51C394A390043E019 /* MCLightShader.vsh */,
				FD1E49AD1C760BED00ADCBD2 /* MCGLRenderer.fsh */,
				FD1E49AE1C760BED00ADCBD2 /* MCGLRenderer.vsh */,
			);
			path = shaders;
			sourceTree = "<group>";
		};
		FD5E18791B09CE60006CB737 /* UI */ = {
			isa = PBXGroup;
			children = (
				FD5E187A1B09CE60006CB737 /* MCAccessbleProtocol.h */,
				FD5E187B1B09CE60006CB737 /* MCNode.c */,
				FD5E187C1B09CE60006CB737 /* MCNode.h */,
				FD5E187D1B09CE60006CB737 /* MCTouchbleProtocol.h */,
				FD5E187F1B09CE60006CB737 /* MCUIBase.h */,
			);
			path = UI;
			sourceTree = "<group>";
		};
		FD5E18821B09CECB006CB737 /* Engine */ = {
			isa = PBXGroup;
			children = (
				FDAE48031C7DF00E009DEE97 /* SOIL */,
				FD5E18831B09CECB006CB737 /* MC3DBase.h */,
				FD5E18841B09CECB006CB737 /* MC3DMainLoop.c */,
				FD5E18851B09CECB006CB737 /* MC3DShapeBase.h */,
				FD5E18861B09CECB006CB737 /* MC3DType.h */,
				FD5E18871B09CECB006CB737 /* MCCamera.c */,
				FD5E18881B09CECB006CB737 /* MCCamera.h */,
				FD5E18891B09CECB006CB737 /* MCCube.c */,
				FD5E188A1B09CECB006CB737 /* MCCube.h */,
				FDAE48141C7DFEDC009DEE97 /* MCPanel.c */,
				FDAE48151C7DFEDC009DEE97 /* MCPanel.h */,
				FDCB46AD1B11E3C300403320 /* MCOrbit.c */,
				FDCB46AE1B11E3C300403320 /* MCOrbit.h */,
				FD5183551C7CA5EA00A74DDE /* MCGLContext.c */,
				FD5183561C7CA5EA00A74DDE /* MCGLContext.h */,
				FD4DC4471C01459100A3B9F2 /* MCGLRenderer.c */,
				FD4DC4481C01459100A3B9F2 /* MCGLRenderer.h */,
				FD819E5B1C2D4797007D4BE4 /* MCWorld.c */,
				FD819E5C1C2D4797007D4BE4 /* MCWorld.h */,
				FD819E5E1C2EE4F0007D4BE4 /* MCGLEngine.c */,
				FD819E5F1C2EE4F0007D4BE4 /* MCGLEngine.h */,
				FD0B164A1C789203004FD724 /* MCVertex.c */,
				FD0B164B1C789203004FD724 /* MCVertex.h */,
				FD0B16441C788ADE004FD724 /* MCMesh.c */,
				FD0B16451C788ADE004FD724 /* MCMesh.h */,
				FD51835B1C7CBEAA00A74DDE /* MCMatrial.c */,
				FD51835C1C7CBEAA00A74DDE /* MCMatrial.h */,
				FD0B16471C788AF2004FD724 /* MCTexture.c */,
				FD0B16481C788AF2004FD724 /* MCTexture.h */,
				FD5183581C7CBCF200A74DDE /* MCLight.c */,
				FD5183591C7CBCF200A74DDE /* MCLight.h */,
				FD0B163E1C78447C004FD724 /* MC3DNode.c */,
				FD0B163F1C78447C004FD724 /* MC3DNode.h */,
				FD0B16411C784FB7004FD724 /* MC3DScene.c */,
				FD0B16421C784FB7004FD724 /* MC3DScene.h */,
			);
			name = Engine;
			path = MCSource/Engine;
			sourceTree = SOURCE_ROOT;
		};
		FD5EFD3E1B0E3D9D00D2492A /* Resources */ = {
			isa = PBXGroup;
			children = (
				FD50E2211C15DE00001CC314 /* shaders */,
				FD5EFD3F1B0E3D9D00D2492A /* icons */,
				FD5EFD561B0E3D9D00D2492A /* textures */,
			);
			path = Resources;
			sourceTree = "<group>";
		};
		FD5EFD3F1B0E3D9D00D2492A /* icons */ = {
			isa = PBXGroup;
			children = (
				FD5EFD401B0E3D9D00D2492A /* AppIcon.appiconset */,
				FD5EFD4C1B0E3D9D00D2492A /* Icon-60.png */,
				FD5EFD4D1B0E3D9D00D2492A /* Icon-72.png */,
				FD5EFD4E1B0E3D9D00D2492A /* Icon-72@2x.png */,
				FD5EFD4F1B0E3D9D00D2492A /* Icon-Small-50.png */,
				FD5EFD501B0E3D9D00D2492A /* Icon-Small-50@2x.png */,
				FD5EFD511B0E3D9D00D2492A /* Icon.png */,
				FD5EFD521B0E3D9D00D2492A /* Icon@2x.png */,
				FD5EFD531B0E3D9D00D2492A /* iTunesArtwork.png */,
				FD5EFD541B0E3D9D00D2492A /* iTunesArtwork@2x.png */,
			);
			path = icons;
			sourceTree = "<group>";
		};
		FD5EFD401B0E3D9D00D2492A /* AppIcon.appiconset */ = {
			isa = PBXGroup;
			children = (
				FD5EFD411B0E3D9D00D2492A /* Contents.json */,
				FD5EFD421B0E3D9D00D2492A /* Icon-40.png */,
				FD5EFD431B0E3D9D00D2492A /* Icon-40@2x.png */,
				FD5EFD441B0E3D9D00D2492A /* Icon-40@3x.png */,
				FD5EFD451B0E3D9D00D2492A /* Icon-60@2x.png */,
				FD5EFD461B0E3D9D00D2492A /* Icon-60@3x.png */,
				FD5EFD471B0E3D9D00D2492A /* Icon-76.png */,
				FD5EFD481B0E3D9D00D2492A /* Icon-76@2x.png */,
				FD5EFD491B0E3D9D00D2492A /* Icon-Small.png */,
				FD5EFD4A1B0E3D9D00D2492A /* Icon-Small@2x.png */,
				FD5EFD4B1B0E3D9D00D2492A /* Icon-Small@3x.png */,
			);
			path = AppIcon.appiconset;
			sourceTree = "<group>";
		};
		FD5EFD561B0E3D9D00D2492A /* textures */ = {
			isa = PBXGroup;
			children = (
				FDAE48171C7E0943009DEE97 /* mcicon.jpg */,
				FD5EFD571B0E3D9D00D2492A /* mcicon.png */,
				FDA3DCDD1C9056BC0044965D /* tex1.jpg */,
				FD4CC1EC1C917F2D00051C15 /* tex2.bmp */,
				FD4CC1F01C91B40F00051C15 /* tex3.png */,
				FD4CC1EE1C91B40800051C15 /* tex4.bmp */,
				FD4CC1F61C91C9D600051C15 /* tex5.bmp */,
				FD4CC1F41C91C8C200051C15 /* tex5.png */,
				FD4CC1F21C91BD8300051C15 /* jongkhurun.png */,
			);
			path = textures;
			sourceTree = "<group>";
		};
		FDAE48031C7DF00E009DEE97 /* SOIL */ = {
			isa = PBXGroup;
			children = (
				FDAE48041C7DF00E009DEE97 /* image_DXT.c */,
				FDAE48051C7DF00E009DEE97 /* image_DXT.h */,
				FDAE48061C7DF00E009DEE97 /* image_helper.c */,
				FDAE48071C7DF00E009DEE97 /* image_helper.h */,
				FDAE48081C7DF00E009DEE97 /* SOIL.c */,
				FDAE48091C7DF00E009DEE97 /* SOIL.h */,
				FDAE480A1C7DF00E009DEE97 /* stb_image_aug.c */,
				FDAE480B1C7DF00E009DEE97 /* stb_image_aug.h */,
				FDAE480C1C7DF00E009DEE97 /* stbi_DDS_aug.h */,
				FDAE480D1C7DF00E009DEE97 /* stbi_DDS_aug_c.h */,
			);
			name = SOIL;
			path = MCSource/Engine/external/SOIL;
			sourceTree = SOURCE_ROOT;
		};
		FDFF05F71B060BE1000064E3 = {
			isa = PBXGroup;
			children = (
				FD5EFD3E1B0E3D9D00D2492A /* Resources */,
				FDFF06021B060BE1000064E3 /* monkcGame */,
				FDFF06201B060BE1000064E3 /* monkcGameTests */,
				FDFF06011B060BE1000064E3 /* Products */,
				FDFF06391B06314C000064E3 /* MCLib */,
				FDFF06761B063C9D000064E3 /* MCiOSDriver */,
				FDFF064F1B06315B000064E3 /* MCSource */,
			);
			sourceTree = "<group>";
		};
		FDFF06011B060BE1000064E3 /* Products */ = {
			isa = PBXGroup;
			children = (
				FDFF06001B060BE1000064E3 /* monkcGame.app */,
				FDFF061D1B060BE1000064E3 /* monkcGameTests.xctest */,
			);
			name = Products;
			sourceTree = "<group>";
		};
		FDFF06021B060BE1000064E3 /* monkcGame */ = {
			isa = PBXGroup;
			children = (
				FDFF06071B060BE1000064E3 /* AppDelegate.h */,
				FDFF06081B060BE1000064E3 /* AppDelegate.m */,
				FDFF060E1B060BE1000064E3 /* GameViewController.h */,
				FDFF060F1B060BE1000064E3 /* GameViewController.m */,
				FDFF06111B060BE1000064E3 /* Main.storyboard */,
				FDFF06161B060BE1000064E3 /* LaunchScreen.xib */,
				FDFF06031B060BE1000064E3 /* Supporting Files */,
			);
			path = monkcGame;
			sourceTree = "<group>";
		};
		FDFF06031B060BE1000064E3 /* Supporting Files */ = {
			isa = PBXGroup;
			children = (
				FDFF06041B060BE1000064E3 /* Info.plist */,
				FDFF06051B060BE1000064E3 /* main.m */,
			);
			name = "Supporting Files";
			sourceTree = "<group>";
		};
		FDFF06201B060BE1000064E3 /* monkcGameTests */ = {
			isa = PBXGroup;
			children = (
				FDFF06231B060BE1000064E3 /* monkcGameTests.m */,
				FDFF06211B060BE1000064E3 /* Supporting Files */,
			);
			path = monkcGameTests;
			sourceTree = "<group>";
		};
		FDFF06211B060BE1000064E3 /* Supporting Files */ = {
			isa = PBXGroup;
			children = (
				FDFF06221B060BE1000064E3 /* Info.plist */,
			);
			name = "Supporting Files";
			sourceTree = "<group>";
		};
		FDFF06391B06314C000064E3 /* MCLib */ = {
			isa = PBXGroup;
			children = (
				FDBF1A4A1B0DBB9F00A3A0B7 /* MCRuntimeAsmIOS.S */,
				FDFF063A1B06314C000064E3 /* HashTable.c */,
				FDFF063C1B06314C000064E3 /* Lock.c */,
				FDFF063D1B06314C000064E3 /* Log.c */,
				FDFF06411B06314C000064E3 /* Messaging.c */,
				FDFF06421B06314C000064E3 /* monkc.c */,
				FDFF06431B06314C000064E3 /* monkc.h */,
				FDFF06441B06314C000064E3 /* ObjectManage.c */,
			);
			path = MCLib;
			sourceTree = "<group>";
		};
		FDFF064F1B06315B000064E3 /* MCSource */ = {
			isa = PBXGroup;
			children = (
				FD5E18791B09CE60006CB737 /* UI */,
				FD5E18821B09CECB006CB737 /* Engine */,
				FDFF06501B06315B000064E3 /* Lemontea */,
				FDFF06721B06339E000064E3 /* Game */,
			);
			path = MCSource;
			sourceTree = "<group>";
		};
		FDFF06501B06315B000064E3 /* Lemontea */ = {
			isa = PBXGroup;
			children = (
				FD5E188E1B09DEB6006CB737 /* MCArray.c */,
				FD5E188F1B09DEB6006CB737 /* MCArray.h */,
				FDFF06511B06315B000064E3 /* MCBuffer.c */,
				FDFF06521B06315B000064E3 /* MCBuffer.h */,
				FDFF06531B06315B000064E3 /* MCClock.c */,
				FDFF06541B06315B000064E3 /* MCClock.h */,
				FDFF06551B06315B000064E3 /* MCContext.c */,
				FDFF06561B06315B000064E3 /* MCContext.h */,
				FDFF06571B06315B000064E3 /* MCException.c */,
				FDFF06581B06315B000064E3 /* MCException.h */,
				FDFF06591B06315B000064E3 /* MCIO.c */,
				FDFF065A1B06315B000064E3 /* MCIO.h */,
				FDFF065B1B06315B000064E3 /* MCMath.c */,
				FDFF065C1B06315B000064E3 /* MCMath.h */,
				FDFF065D1B06315B000064E3 /* MCProcess.c */,
				FDFF065E1B06315B000064E3 /* MCProcess.h */,
				FDFF065F1B06315B000064E3 /* MCSocket.c */,
				FDFF06601B06315B000064E3 /* MCSocket.h */,
				FDFF06611B06315B000064E3 /* MCString.c */,
				FDFF06621B06315B000064E3 /* MCString.h */,
				FDFF06631B06315B000064E3 /* MCThread.c */,
				FDFF06641B06315B000064E3 /* MCThread.h */,
				FDFF06651B06315B000064E3 /* MCUnitTest.c */,
				FDFF06661B06315B000064E3 /* MCUnitTest.h */,
			);
			path = Lemontea;
			sourceTree = "<group>";
		};
		FDFF06721B06339E000064E3 /* Game */ = {
			isa = PBXGroup;
			children = (
				FD4F1F261C2FC89900D17CD9 /* MainLoop.c */,
				FD4F1F271C2FC89900D17CD9 /* MainLoop.h */,
				FD5E18761B09C4B0006CB737 /* UILayer.c */,
				FD5E18771B09C4B0006CB737 /* UILayer.h */,
				FD43FEAA1C429A2D0043E019 /* Testbed.c */,
				FD43FEAB1C429A2D0043E019 /* Testbed.h */,
			);
			path = Game;
			sourceTree = "<group>";
		};
		FDFF06761B063C9D000064E3 /* MCiOSDriver */ = {
			isa = PBXGroup;
			children = (
				FD5E18611B08FFE7006CB737 /* MC3DiOSDriver.m */,
				FD5E18621B08FFE7006CB737 /* MC3DiOSDriver.h */,
			);
			path = MCiOSDriver;
			sourceTree = "<group>";
		};
/* End PBXGroup section */

/* Begin PBXNativeTarget section */
		FDFF05FF1B060BE1000064E3 /* monkcGame */ = {
			isa = PBXNativeTarget;
			buildConfigurationList = FDFF06271B060BE1000064E3 /* Build configuration list for PBXNativeTarget "monkcGame" */;
			buildPhases = (
				FDFF05FE1B060BE1000064E3 /* Resources */,
				FDFF05FC1B060BE1000064E3 /* Sources */,
				FDFF05FD1B060BE1000064E3 /* Frameworks */,
			);
			buildRules = (
			);
			dependencies = (
			);
			name = monkcGame;
			productName = monkcGame;
			productReference = FDFF06001B060BE1000064E3 /* monkcGame.app */;
			productType = "com.apple.product-type.application";
		};
		FDFF061C1B060BE1000064E3 /* monkcGameTests */ = {
			isa = PBXNativeTarget;
			buildConfigurationList = FDFF062A1B060BE1000064E3 /* Build configuration list for PBXNativeTarget "monkcGameTests" */;
			buildPhases = (
				FDFF06191B060BE1000064E3 /* Sources */,
				FDFF061A1B060BE1000064E3 /* Frameworks */,
				FDFF061B1B060BE1000064E3 /* Resources */,
			);
			buildRules = (
			);
			dependencies = (
				FDFF061F1B060BE1000064E3 /* PBXTargetDependency */,
			);
			name = monkcGameTests;
			productName = monkcGameTests;
			productReference = FDFF061D1B060BE1000064E3 /* monkcGameTests.xctest */;
			productType = "com.apple.product-type.bundle.unit-test";
		};
/* End PBXNativeTarget section */

/* Begin PBXProject section */
		FDFF05F81B060BE1000064E3 /* Project object */ = {
			isa = PBXProject;
			attributes = {
				LastUpgradeCheck = 0710;
				ORGANIZATIONNAME = oreisoft;
				TargetAttributes = {
					FDFF05FF1B060BE1000064E3 = {
						CreatedOnToolsVersion = 6.3.1;
						DevelopmentTeam = R7BTEXA73U;
					};
					FDFF061C1B060BE1000064E3 = {
						CreatedOnToolsVersion = 6.3.1;
						TestTargetID = FDFF05FF1B060BE1000064E3;
					};
				};
			};
			buildConfigurationList = FDFF05FB1B060BE1000064E3 /* Build configuration list for PBXProject "monkcGame" */;
			compatibilityVersion = "Xcode 3.2";
			developmentRegion = English;
			hasScannedForEncodings = 0;
			knownRegions = (
				en,
				Base,
			);
			mainGroup = FDFF05F71B060BE1000064E3;
			productRefGroup = FDFF06011B060BE1000064E3 /* Products */;
			projectDirPath = "";
			projectRoot = "";
			targets = (
				FDFF05FF1B060BE1000064E3 /* monkcGame */,
				FDFF061C1B060BE1000064E3 /* monkcGameTests */,
			);
		};
/* End PBXProject section */

/* Begin PBXResourcesBuildPhase section */
		FDFF05FE1B060BE1000064E3 /* Resources */ = {
			isa = PBXResourcesBuildPhase;
			buildActionMask = 2147483647;
			files = (
				FD5EFD661B0E3D9D00D2492A /* Icon-Small-50.png in Resources */,
				FD43FEA41C394A220043E019 /* MCLightShader.fsh in Resources */,
				FD5EFD581B0E3D9D00D2492A /* Contents.json in Resources */,
				FD4CC1EF1C91B40800051C15 /* tex4.bmp in Resources */,
				FD50E2241C15DE00001CC314 /* MCTextureShader.fsh in Resources */,
				FD5EFD671B0E3D9D00D2492A /* Icon-Small-50@2x.png in Resources */,
				FDFF06181B060BE1000064E3 /* LaunchScreen.xib in Resources */,
				FD5EFD651B0E3D9D00D2492A /* Icon-72@2x.png in Resources */,
				FD5EFD691B0E3D9D00D2492A /* Icon@2x.png in Resources */,
				FD5EFD591B0E3D9D00D2492A /* Icon-40.png in Resources */,
				FD50E2251C15DE00001CC314 /* MCTextureShader.vsh in Resources */,
				FD5EFD621B0E3D9D00D2492A /* Icon-Small@3x.png in Resources */,
				FDA3DCDE1C9056BC0044965D /* tex1.jpg in Resources */,
				FD4CC1F31C91BD8300051C15 /* jongkhurun.png in Resources */,
				FD4CC1F11C91B40F00051C15 /* tex3.png in Resources */,
				FD5EFD601B0E3D9D00D2492A /* Icon-Small.png in Resources */,
				FD5EFD6A1B0E3D9D00D2492A /* iTunesArtwork.png in Resources */,
				FDFF06131B060BE1000064E3 /* Main.storyboard in Resources */,
				FD5EFD5A1B0E3D9D00D2492A /* Icon-40@2x.png in Resources */,
				FD5EFD5C1B0E3D9D00D2492A /* Icon-60@2x.png in Resources */,
				FD5EFD6D1B0E3D9D00D2492A /* mcicon.png in Resources */,
				FD5EFD5E1B0E3D9D00D2492A /* Icon-76.png in Resources */,
				FDAE48181C7E0943009DEE97 /* mcicon.jpg in Resources */,
				FD5EFD681B0E3D9D00D2492A /* Icon.png in Resources */,
				FD4CC1F71C91C9D600051C15 /* tex5.bmp in Resources */,
				FD1E49B01C760BED00ADCBD2 /* MCGLRenderer.vsh in Resources */,
				FD5EFD5D1B0E3D9D00D2492A /* Icon-60@3x.png in Resources */,
				FD5EFD631B0E3D9D00D2492A /* Icon-60.png in Resources */,
				FD4CC1ED1C917F2D00051C15 /* tex2.bmp in Resources */,
				FD1E49AF1C760BED00ADCBD2 /* MCGLRenderer.fsh in Resources */,
				FD4CC1F51C91C8C200051C15 /* tex5.png in Resources */,
				FD5EFD5B1B0E3D9D00D2492A /* Icon-40@3x.png in Resources */,
				FD43FEA61C394A390043E019 /* MCLightShader.vsh in Resources */,
				FD5EFD6B1B0E3D9D00D2492A /* iTunesArtwork@2x.png in Resources */,
				FD5EFD5F1B0E3D9D00D2492A /* Icon-76@2x.png in Resources */,
				FD5EFD641B0E3D9D00D2492A /* Icon-72.png in Resources */,
				FD5EFD611B0E3D9D00D2492A /* Icon-Small@2x.png in Resources */,
			);
			runOnlyForDeploymentPostprocessing = 0;
		};
		FDFF061B1B060BE1000064E3 /* Resources */ = {
			isa = PBXResourcesBuildPhase;
			buildActionMask = 2147483647;
			files = (
			);
			runOnlyForDeploymentPostprocessing = 0;
		};
/* End PBXResourcesBuildPhase section */

/* Begin PBXSourcesBuildPhase section */
		FDFF05FC1B060BE1000064E3 /* Sources */ = {
			isa = PBXSourcesBuildPhase;
			buildActionMask = 2147483647;
			files = (
				FD43FEAC1C429A2D0043E019 /* Testbed.c in Sources */,
				FDFF064D1B06314C000064E3 /* monkc.c in Sources */,
				FDFF06701B06315B000064E3 /* MCThread.c in Sources */,
				FD819E601C2EE4F0007D4BE4 /* MCGLEngine.c in Sources */,
				FD0B16431C784FB7004FD724 /* MC3DScene.c in Sources */,
				FD5E18901B09DEB6006CB737 /* MCArray.c in Sources */,
				FD5183571C7CA5EA00A74DDE /* MCGLContext.c in Sources */,
				FD0B16461C788ADE004FD724 /* MCMesh.c in Sources */,
				FD5E188B1B09CECB006CB737 /* MC3DMainLoop.c in Sources */,
				FDFF06691B06315B000064E3 /* MCContext.c in Sources */,
				FD5E18781B09C4B0006CB737 /* UILayer.c in Sources */,
				FD0B16401C78447C004FD724 /* MC3DNode.c in Sources */,
				FD819E5D1C2D4797007D4BE4 /* MCWorld.c in Sources */,
				FDAE48121C7DF00E009DEE97 /* stb_image_aug.c in Sources */,
				FDFF06471B06314C000064E3 /* Lock.c in Sources */,
				FDFF066D1B06315B000064E3 /* MCProcess.c in Sources */,
				FD0B16491C788AF2004FD724 /* MCTexture.c in Sources */,
				FDFF06451B06314C000064E3 /* HashTable.c in Sources */,
				FDCB46AF1B11E3C300403320 /* MCOrbit.c in Sources */,
				FD0B164C1C789203004FD724 /* MCVertex.c in Sources */,
				FD4DC4491C01459100A3B9F2 /* MCGLRenderer.c in Sources */,
				FDAE48111C7DF00E009DEE97 /* SOIL.c in Sources */,
				FDFF066A1B06315B000064E3 /* MCException.c in Sources */,
				FDFF066B1B06315B000064E3 /* MCIO.c in Sources */,
				FDAE48161C7DFEDC009DEE97 /* MCPanel.c in Sources */,
				FD5E18631B08FFE7006CB737 /* MC3DiOSDriver.m in Sources */,
				FD51835A1C7CBCF200A74DDE /* MCLight.c in Sources */,
				FDAE480F1C7DF00E009DEE97 /* image_DXT.c in Sources */,
				FDFF06091B060BE1000064E3 /* AppDelegate.m in Sources */,
				FDFF064C1B06314C000064E3 /* Messaging.c in Sources */,
				FDFF06101B060BE1000064E3 /* GameViewController.m in Sources */,
				FDFF064E1B06314C000064E3 /* ObjectManage.c in Sources */,
				FDFF066C1B06315B000064E3 /* MCMath.c in Sources */,
				FD4F1F281C2FC89900D17CD9 /* MainLoop.c in Sources */,
				FD5E188C1B09CECB006CB737 /* MCCamera.c in Sources */,
				FD5E188D1B09CECB006CB737 /* MCCube.c in Sources */,
				FDAE48101C7DF00E009DEE97 /* image_helper.c in Sources */,
				FDFF066F1B06315B000064E3 /* MCString.c in Sources */,
				FDFF066E1B06315B000064E3 /* MCSocket.c in Sources */,
				FD51835D1C7CBEAA00A74DDE /* MCMatrial.c in Sources */,
				FDFF06671B06315B000064E3 /* MCBuffer.c in Sources */,
				FDFF06061B060BE1000064E3 /* main.m in Sources */,
				FDFF06681B06315B000064E3 /* MCClock.c in Sources */,
				FD5E18801B09CE60006CB737 /* MCNode.c in Sources */,
				FDFF06711B06315B000064E3 /* MCUnitTest.c in Sources */,
				FDFF06481B06314C000064E3 /* Log.c in Sources */,
				FDBF1A4B1B0DBB9F00A3A0B7 /* MCRuntimeAsmIOS.S in Sources */,
			);
			runOnlyForDeploymentPostprocessing = 0;
		};
		FDFF06191B060BE1000064E3 /* Sources */ = {
			isa = PBXSourcesBuildPhase;
			buildActionMask = 2147483647;
			files = (
				FDFF06241B060BE1000064E3 /* monkcGameTests.m in Sources */,
			);
			runOnlyForDeploymentPostprocessing = 0;
		};
/* End PBXSourcesBuildPhase section */

/* Begin PBXTargetDependency section */
		FDFF061F1B060BE1000064E3 /* PBXTargetDependency */ = {
			isa = PBXTargetDependency;
			target = FDFF05FF1B060BE1000064E3 /* monkcGame */;
			targetProxy = FDFF061E1B060BE1000064E3 /* PBXContainerItemProxy */;
		};
/* End PBXTargetDependency section */

/* Begin PBXVariantGroup section */
		FDFF06111B060BE1000064E3 /* Main.storyboard */ = {
			isa = PBXVariantGroup;
			children = (
				FDFF06121B060BE1000064E3 /* Base */,
			);
			name = Main.storyboard;
			sourceTree = "<group>";
		};
		FDFF06161B060BE1000064E3 /* LaunchScreen.xib */ = {
			isa = PBXVariantGroup;
			children = (
				FDFF06171B060BE1000064E3 /* Base */,
			);
			name = LaunchScreen.xib;
			sourceTree = "<group>";
		};
/* End PBXVariantGroup section */

/* Begin XCBuildConfiguration section */
		FDFF06251B060BE1000064E3 /* Debug */ = {
			isa = XCBuildConfiguration;
			buildSettings = {
				ALWAYS_SEARCH_USER_PATHS = NO;
				CLANG_CXX_LANGUAGE_STANDARD = "gnu++0x";
				CLANG_CXX_LIBRARY = "libc++";
				CLANG_ENABLE_MODULES = YES;
				CLANG_ENABLE_OBJC_ARC = YES;
				CLANG_WARN_BOOL_CONVERSION = YES;
				CLANG_WARN_CONSTANT_CONVERSION = YES;
				CLANG_WARN_DIRECT_OBJC_ISA_USAGE = YES_ERROR;
				CLANG_WARN_EMPTY_BODY = YES;
				CLANG_WARN_ENUM_CONVERSION = YES;
				CLANG_WARN_INT_CONVERSION = YES;
				CLANG_WARN_OBJC_ROOT_CLASS = YES_ERROR;
				CLANG_WARN_UNREACHABLE_CODE = YES;
				CLANG_WARN__DUPLICATE_METHOD_MATCH = YES;
				CODE_SIGN_IDENTITY = "iPhone Developer: sun yuli (F4876BSQ5B)";
				"CODE_SIGN_IDENTITY[sdk=iphoneos*]" = "iPhone Developer";
				COPY_PHASE_STRIP = NO;
				DEBUG_INFORMATION_FORMAT = "dwarf-with-dsym";
				ENABLE_STRICT_OBJC_MSGSEND = YES;
				ENABLE_TESTABILITY = YES;
				GCC_C_LANGUAGE_STANDARD = gnu99;
				GCC_DYNAMIC_NO_PIC = NO;
				GCC_NO_COMMON_BLOCKS = YES;
				GCC_OPTIMIZATION_LEVEL = 0;
				GCC_PREPROCESSOR_DEFINITIONS = (
					"DEBUG=1",
					"$(inherited)",
				);
				GCC_SYMBOLS_PRIVATE_EXTERN = NO;
				GCC_WARN_64_TO_32_BIT_CONVERSION = YES;
				GCC_WARN_ABOUT_RETURN_TYPE = YES_ERROR;
				GCC_WARN_UNDECLARED_SELECTOR = YES;
				GCC_WARN_UNINITIALIZED_AUTOS = YES_AGGRESSIVE;
				GCC_WARN_UNUSED_FUNCTION = YES;
				GCC_WARN_UNUSED_VARIABLE = YES;
				IPHONEOS_DEPLOYMENT_TARGET = 8.3;
				MTL_ENABLE_DEBUG_INFO = YES;
				ONLY_ACTIVE_ARCH = YES;
				SDKROOT = iphoneos;
				TARGETED_DEVICE_FAMILY = "1,2";
				VALID_ARCHS = arm64;
			};
			name = Debug;
		};
		FDFF06261B060BE1000064E3 /* Release */ = {
			isa = XCBuildConfiguration;
			buildSettings = {
				ALWAYS_SEARCH_USER_PATHS = NO;
				CLANG_CXX_LANGUAGE_STANDARD = "gnu++0x";
				CLANG_CXX_LIBRARY = "libc++";
				CLANG_ENABLE_MODULES = YES;
				CLANG_ENABLE_OBJC_ARC = YES;
				CLANG_WARN_BOOL_CONVERSION = YES;
				CLANG_WARN_CONSTANT_CONVERSION = YES;
				CLANG_WARN_DIRECT_OBJC_ISA_USAGE = YES_ERROR;
				CLANG_WARN_EMPTY_BODY = YES;
				CLANG_WARN_ENUM_CONVERSION = YES;
				CLANG_WARN_INT_CONVERSION = YES;
				CLANG_WARN_OBJC_ROOT_CLASS = YES_ERROR;
				CLANG_WARN_UNREACHABLE_CODE = YES;
				CLANG_WARN__DUPLICATE_METHOD_MATCH = YES;
				CODE_SIGN_IDENTITY = "iPhone Developer: sun yuli (F4876BSQ5B)";
				"CODE_SIGN_IDENTITY[sdk=iphoneos*]" = "iPhone Developer";
				COPY_PHASE_STRIP = NO;
				DEBUG_INFORMATION_FORMAT = "dwarf-with-dsym";
				ENABLE_NS_ASSERTIONS = NO;
				ENABLE_STRICT_OBJC_MSGSEND = YES;
				GCC_C_LANGUAGE_STANDARD = gnu99;
				GCC_NO_COMMON_BLOCKS = YES;
				GCC_WARN_64_TO_32_BIT_CONVERSION = YES;
				GCC_WARN_ABOUT_RETURN_TYPE = YES_ERROR;
				GCC_WARN_UNDECLARED_SELECTOR = YES;
				GCC_WARN_UNINITIALIZED_AUTOS = YES_AGGRESSIVE;
				GCC_WARN_UNUSED_FUNCTION = YES;
				GCC_WARN_UNUSED_VARIABLE = YES;
				IPHONEOS_DEPLOYMENT_TARGET = 8.3;
				MTL_ENABLE_DEBUG_INFO = NO;
				SDKROOT = iphoneos;
				TARGETED_DEVICE_FAMILY = "1,2";
				VALIDATE_PRODUCT = YES;
				VALID_ARCHS = arm64;
			};
			name = Release;
		};
		FDFF06281B060BE1000064E3 /* Debug */ = {
			isa = XCBuildConfiguration;
			buildSettings = {
				ASSETCATALOG_COMPILER_APPICON_NAME = AppIcon;
				CODE_SIGN_IDENTITY = "iPhone Developer";
				"CODE_SIGN_IDENTITY[sdk=iphoneos*]" = "iPhone Developer";
				INFOPLIST_FILE = monkcGame/Info.plist;
				LD_RUNPATH_SEARCH_PATHS = "$(inherited) @executable_path/Frameworks";
				ONLY_ACTIVE_ARCH = YES;
				PRODUCT_BUNDLE_IDENTIFIER = "com.oreisoft.$(PRODUCT_NAME:rfc1034identifier)";
				PRODUCT_NAME = "$(TARGET_NAME)";
				PROVISIONING_PROFILE = "";
				VALID_ARCHS = arm64;
			};
			name = Debug;
		};
		FDFF06291B060BE1000064E3 /* Release */ = {
			isa = XCBuildConfiguration;
			buildSettings = {
				ASSETCATALOG_COMPILER_APPICON_NAME = AppIcon;
				CODE_SIGN_IDENTITY = "iPhone Developer";
				"CODE_SIGN_IDENTITY[sdk=iphoneos*]" = "iPhone Developer";
				INFOPLIST_FILE = monkcGame/Info.plist;
				LD_RUNPATH_SEARCH_PATHS = "$(inherited) @executable_path/Frameworks";
				ONLY_ACTIVE_ARCH = YES;
				PRODUCT_BUNDLE_IDENTIFIER = "com.oreisoft.$(PRODUCT_NAME:rfc1034identifier)";
				PRODUCT_NAME = "$(TARGET_NAME)";
				PROVISIONING_PROFILE = "";
				VALID_ARCHS = arm64;
			};
			name = Release;
		};
		FDFF062B1B060BE1000064E3 /* Debug */ = {
			isa = XCBuildConfiguration;
			buildSettings = {
				BUNDLE_LOADER = "$(TEST_HOST)";
				FRAMEWORK_SEARCH_PATHS = (
					"$(SDKROOT)/Developer/Library/Frameworks",
					"$(inherited)",
				);
				GCC_PREPROCESSOR_DEFINITIONS = (
					"DEBUG=1",
					"$(inherited)",
				);
				INFOPLIST_FILE = monkcGameTests/Info.plist;
				LD_RUNPATH_SEARCH_PATHS = "$(inherited) @executable_path/Frameworks @loader_path/Frameworks";
				PRODUCT_BUNDLE_IDENTIFIER = "com.oreisoft.$(PRODUCT_NAME:rfc1034identifier)";
				PRODUCT_NAME = "$(TARGET_NAME)";
				TEST_HOST = "$(BUILT_PRODUCTS_DIR)/monkcGame.app/monkcGame";
			};
			name = Debug;
		};
		FDFF062C1B060BE1000064E3 /* Release */ = {
			isa = XCBuildConfiguration;
			buildSettings = {
				BUNDLE_LOADER = "$(TEST_HOST)";
				FRAMEWORK_SEARCH_PATHS = (
					"$(SDKROOT)/Developer/Library/Frameworks",
					"$(inherited)",
				);
				INFOPLIST_FILE = monkcGameTests/Info.plist;
				LD_RUNPATH_SEARCH_PATHS = "$(inherited) @executable_path/Frameworks @loader_path/Frameworks";
				PRODUCT_BUNDLE_IDENTIFIER = "com.oreisoft.$(PRODUCT_NAME:rfc1034identifier)";
				PRODUCT_NAME = "$(TARGET_NAME)";
				TEST_HOST = "$(BUILT_PRODUCTS_DIR)/monkcGame.app/monkcGame";
			};
			name = Release;
		};
/* End XCBuildConfiguration section */

/* Begin XCConfigurationList section */
		FDFF05FB1B060BE1000064E3 /* Build configuration list for PBXProject "monkcGame" */ = {
			isa = XCConfigurationList;
			buildConfigurations = (
				FDFF06251B060BE1000064E3 /* Debug */,
				FDFF06261B060BE1000064E3 /* Release */,
			);
			defaultConfigurationIsVisible = 0;
			defaultConfigurationName = Release;
		};
		FDFF06271B060BE1000064E3 /* Build configuration list for PBXNativeTarget "monkcGame" */ = {
			isa = XCConfigurationList;
			buildConfigurations = (
				FDFF06281B060BE1000064E3 /* Debug */,
				FDFF06291B060BE1000064E3 /* Release */,
			);
			defaultConfigurationIsVisible = 0;
			defaultConfigurationName = Release;
		};
		FDFF062A1B060BE1000064E3 /* Build configuration list for PBXNativeTarget "monkcGameTests" */ = {
			isa = XCConfigurationList;
			buildConfigurations = (
				FDFF062B1B060BE1000064E3 /* Debug */,
				FDFF062C1B060BE1000064E3 /* Release */,
			);
			defaultConfigurationIsVisible = 0;
			defaultConfigurationName = Release;
		};
/* End XCConfigurationList section */
	};
	rootObject = FDFF05F81B060BE1000064E3 /* Project object */;
}
